// !$*UTF8*$!
{
	archiveVersion = 1;
	classes = {
	};
	objectVersion = 51;
	objects = {

/* Begin PBXBuildFile section */
		00ECD99B22A6A9CA00E7F015 /* RentingOutDetailViewController.swift in Sources */ = {isa = PBXBuildFile; fileRef = 00ECD99A22A6A9CA00E7F015 /* RentingOutDetailViewController.swift */; };
		0406E62A21620AD900C3E97B /* Login_ViewController.swift in Sources */ = {isa = PBXBuildFile; fileRef = 0406E62921620AD900C3E97B /* Login_ViewController.swift */; };
		041EC522217F42AA007DEC9C /* Custommarkerinfo.xib in Resources */ = {isa = PBXBuildFile; fileRef = 041EC521217F42AA007DEC9C /* Custommarkerinfo.xib */; };
		041EC524217F44EA007DEC9C /* Custommarkerinfo.swift in Sources */ = {isa = PBXBuildFile; fileRef = 041EC523217F44EA007DEC9C /* Custommarkerinfo.swift */; };
		0426E0332164F4FF0017E88B /* CustomInfoWindow.xib in Resources */ = {isa = PBXBuildFile; fileRef = 0426E0322164F4FE0017E88B /* CustomInfoWindow.xib */; };
		0426E0352164F5060017E88B /* CustomInfoWindow.swift in Sources */ = {isa = PBXBuildFile; fileRef = 0426E0342164F5050017E88B /* CustomInfoWindow.swift */; };
		0426E0382164F97D0017E88B /* PriceViewController.swift in Sources */ = {isa = PBXBuildFile; fileRef = B702B111212E361D004B3EF1 /* PriceViewController.swift */; };
		043E033721746CF300134F78 /* iToast.m in Sources */ = {isa = PBXBuildFile; fileRef = 043E033521746CF300134F78 /* iToast.m */; };
		044217B52189BDF700946D91 /* CustomView.swift in Sources */ = {isa = PBXBuildFile; fileRef = 044217B42189BDF600946D91 /* CustomView.swift */; };
		04572D8F2276DB3600CDBB64 /* ReservationsDetailViewController.swift in Sources */ = {isa = PBXBuildFile; fileRef = 04572D8E2276DB3600CDBB64 /* ReservationsDetailViewController.swift */; };
		04ACA90421F5C9D90015CF8D /* TNConstants.swift in Sources */ = {isa = PBXBuildFile; fileRef = 04ACA8FD21F5C9D80015CF8D /* TNConstants.swift */; };
		04ACA90521F5C9D90015CF8D /* TNSlider.swift in Sources */ = {isa = PBXBuildFile; fileRef = 04ACA8FF21F5C9D80015CF8D /* TNSlider.swift */; };
		04ACA90621F5C9D90015CF8D /* TNTextLayer.swift in Sources */ = {isa = PBXBuildFile; fileRef = 04ACA90021F5C9D80015CF8D /* TNTextLayer.swift */; };
		04ACA90721F5C9D90015CF8D /* TNTrackLayer.swift in Sources */ = {isa = PBXBuildFile; fileRef = 04ACA90121F5C9D80015CF8D /* TNTrackLayer.swift */; };
		04B4D5952163BDF400F49505 /* GoogleService-Info.plist in Resources */ = {isa = PBXBuildFile; fileRef = 04B4D5942163BDF400F49505 /* GoogleService-Info.plist */; };
		04CC3FB22261EC8B00FF30B2 /* FirstViewController.swift in Sources */ = {isa = PBXBuildFile; fileRef = 04CC3FB12261EC8B00FF30B2 /* FirstViewController.swift */; };
		04CE142E21C5257A00338DEE /* Timeclass.swift in Sources */ = {isa = PBXBuildFile; fileRef = 04CE142D21C5257A00338DEE /* Timeclass.swift */; };
		04E63848216211AD003EAC28 /* Signup_ViewController.swift in Sources */ = {isa = PBXBuildFile; fileRef = 04E63847216211AD003EAC28 /* Signup_ViewController.swift */; };
		04E6384A2162722F003EAC28 /* CoreLocation.framework in Frameworks */ = {isa = PBXBuildFile; fileRef = 04E638492162722F003EAC28 /* CoreLocation.framework */; };
		380220B5E1F0A5C2EC066F85 /* Pods_Spotbird.framework in Frameworks */ = {isa = PBXBuildFile; fileRef = 30BA59F0E7DDB3E61BBECED1 /* Pods_Spotbird.framework */; };
		B701C8E122A096130054F6D9 /* EmailViewController.swift in Sources */ = {isa = PBXBuildFile; fileRef = B701C8E022A096130054F6D9 /* EmailViewController.swift */; };
		B710B9952299FE1C00AF0C0E /* ProvideIDDocViewController.swift in Sources */ = {isa = PBXBuildFile; fileRef = B710B9942299FE1C00AF0C0E /* ProvideIDDocViewController.swift */; };
		B7141A4D20ED1DAF005B54D3 /* MyAPIClient.swift in Sources */ = {isa = PBXBuildFile; fileRef = B7141A4C20ED1DAF005B54D3 /* MyAPIClient.swift */; };
		B71F2DE62086CDA800F47274 /* AppDelegate.swift in Sources */ = {isa = PBXBuildFile; fileRef = B71F2DE52086CDA800F47274 /* AppDelegate.swift */; };
		B71F2DED2086CDA800F47274 /* Main.storyboard in Resources */ = {isa = PBXBuildFile; fileRef = B71F2DEB2086CDA800F47274 /* Main.storyboard */; };
		B71F2DEF2086CDAA00F47274 /* Assets.xcassets in Resources */ = {isa = PBXBuildFile; fileRef = B71F2DEE2086CDAA00F47274 /* Assets.xcassets */; };
		B71F2DF22086CDAA00F47274 /* LaunchScreen.storyboard in Resources */ = {isa = PBXBuildFile; fileRef = B71F2DF02086CDAA00F47274 /* LaunchScreen.storyboard */; };
		B71F2DFD2086CDAA00F47274 /* SpotbirdparkingTests.swift in Sources */ = {isa = PBXBuildFile; fileRef = B71F2DFC2086CDAA00F47274 /* SpotbirdparkingTests.swift */; };
		B72D8BE420D0B6BE0038310F /* CheckBox.swift in Sources */ = {isa = PBXBuildFile; fileRef = B72D8BE320D0B6BE0038310F /* CheckBox.swift */; };
		B72F7C1E227141AA001B6D6F /* ProvideSSNViewController.swift in Sources */ = {isa = PBXBuildFile; fileRef = B72F7C1D227141AA001B6D6F /* ProvideSSNViewController.swift */; };
		B72F7C2022715821001B6D6F /* SSNTextField.swift in Sources */ = {isa = PBXBuildFile; fileRef = B72F7C1F22715821001B6D6F /* SSNTextField.swift */; };
		B735CB9621C8A2EA00946C73 /* PayoutsViewController.swift in Sources */ = {isa = PBXBuildFile; fileRef = B735CB9521C8A2EA00946C73 /* PayoutsViewController.swift */; };
		B7364D0620B65B390081F40F /* ProfileTableOption.swift in Sources */ = {isa = PBXBuildFile; fileRef = B7364D0520B65B390081F40F /* ProfileTableOption.swift */; };
		B7445D67212B967C0063F58D /* Spot.swift in Sources */ = {isa = PBXBuildFile; fileRef = B7445D66212B967C0063F58D /* Spot.swift */; };
		B74DE6EE2178100F0049A31B /* ReservationsViewController.swift in Sources */ = {isa = PBXBuildFile; fileRef = B74DE6ED2178100F0049A31B /* ReservationsViewController.swift */; };
		B75AE7B920C496B40069A151 /* CarsTableViewCell.swift in Sources */ = {isa = PBXBuildFile; fileRef = B75AE7B820C496B40069A151 /* CarsTableViewCell.swift */; };
		B75AE7BB20C4B63D0069A151 /* CarsDefinitionViewController.swift in Sources */ = {isa = PBXBuildFile; fileRef = B75AE7BA20C4B63D0069A151 /* CarsDefinitionViewController.swift */; };
		B7626AA7237A5B59004CDBD3 /* ProfileOptionsViewController.swift in Sources */ = {isa = PBXBuildFile; fileRef = B7626AA6237A5B59004CDBD3 /* ProfileOptionsViewController.swift */; };
		B77D9346211A807700D505BD /* ScheduleViewController.swift in Sources */ = {isa = PBXBuildFile; fileRef = B77D9345211A807700D505BD /* ScheduleViewController.swift */; };
		B7826C942147582100616275 /* User.swift in Sources */ = {isa = PBXBuildFile; fileRef = B7826C932147582100616275 /* User.swift */; };
		B79D514B218BDA4E001EFE1C /* ByDayResTableViewCell.swift in Sources */ = {isa = PBXBuildFile; fileRef = B79D514A218BDA4E001EFE1C /* ByDayResTableViewCell.swift */; };
		B79F5C1A237DE88700B1849F /* config.plist in Sources */ = {isa = PBXBuildFile; fileRef = B79F5C19237DE88700B1849F /* config.plist */; };
		B7A35D4120F5AA4500E4B566 /* AddressViewController.swift in Sources */ = {isa = PBXBuildFile; fileRef = B7A35D4020F5AA4500E4B566 /* AddressViewController.swift */; };
		B7A669D82134EC030057A283 /* AppState.swift in Sources */ = {isa = PBXBuildFile; fileRef = B7A669D72134EC030057A283 /* AppState.swift */; };
		B7A86B4B20C0E9DB00041C61 /* Car.swift in Sources */ = {isa = PBXBuildFile; fileRef = B7A86B4A20C0E9DB00041C61 /* Car.swift */; };
		B7B67FE320C34A7400A13FD0 /* CarsViewController.swift in Sources */ = {isa = PBXBuildFile; fileRef = B7B67FE220C34A7400A13FD0 /* CarsViewController.swift */; };
		B7BC7105218166AE00EE6F7A /* CustomCell.swift in Sources */ = {isa = PBXBuildFile; fileRef = B7BC7104218166AE00EE6F7A /* CustomCell.swift */; };
		B7CD91E920F8298F00CFF016 /* SpotTableViewCell.swift in Sources */ = {isa = PBXBuildFile; fileRef = B7CD91E820F8298F00CFF016 /* SpotTableViewCell.swift */; };
		B7CD91EB20F82C6100CFF016 /* ShareViewController.swift in Sources */ = {isa = PBXBuildFile; fileRef = B7CD91EA20F82C6100CFF016 /* ShareViewController.swift */; };
		B7CF24F120BCBB3000722933 /* YouViewController.swift in Sources */ = {isa = PBXBuildFile; fileRef = B7CF24F020BCBB3000722933 /* YouViewController.swift */; };
		B7D3B2D62172644500ADBAD4 /* Reservation.swift in Sources */ = {isa = PBXBuildFile; fileRef = B7D3B2D52172644500ADBAD4 /* Reservation.swift */; };
		B7F9425920FD903D001B421E /* SpotImageViewController.swift in Sources */ = {isa = PBXBuildFile; fileRef = B7F9425820FD903D001B421E /* SpotImageViewController.swift */; };
		BF3D446DCCD938DB26CCD505 /* Pods_SpotbirdTests.framework in Frameworks */ = {isa = PBXBuildFile; fileRef = D6FA3ABE6760FFEF8C3EDDA5 /* Pods_SpotbirdTests.framework */; };
/* End PBXBuildFile section */

/* Begin PBXContainerItemProxy section */
		B71F2DF92086CDAA00F47274 /* PBXContainerItemProxy */ = {
			isa = PBXContainerItemProxy;
			containerPortal = B71F2DDA2086CDA700F47274 /* Project object */;
			proxyType = 1;
			remoteGlobalIDString = B71F2DE12086CDA800F47274;
			remoteInfo = Spotbirdparking;
		};
/* End PBXContainerItemProxy section */

/* Begin PBXFileReference section */
		00ECD99A22A6A9CA00E7F015 /* RentingOutDetailViewController.swift */ = {isa = PBXFileReference; lastKnownFileType = sourcecode.swift; path = RentingOutDetailViewController.swift; sourceTree = "<group>"; };
		01B56EF32C26977496659DC2 /* Pods-SpotbirdparkingTests.debug.xcconfig */ = {isa = PBXFileReference; includeInIndex = 1; lastKnownFileType = text.xcconfig; name = "Pods-SpotbirdparkingTests.debug.xcconfig"; path = "Pods/Target Support Files/Pods-SpotbirdparkingTests/Pods-SpotbirdparkingTests.debug.xcconfig"; sourceTree = "<group>"; };
		0406E62921620AD900C3E97B /* Login_ViewController.swift */ = {isa = PBXFileReference; lastKnownFileType = sourcecode.swift; path = Login_ViewController.swift; sourceTree = "<group>"; };
		041EC521217F42AA007DEC9C /* Custommarkerinfo.xib */ = {isa = PBXFileReference; lastKnownFileType = file.xib; path = Custommarkerinfo.xib; sourceTree = "<group>"; };
		041EC523217F44EA007DEC9C /* Custommarkerinfo.swift */ = {isa = PBXFileReference; lastKnownFileType = sourcecode.swift; path = Custommarkerinfo.swift; sourceTree = "<group>"; };
		0426E0322164F4FE0017E88B /* CustomInfoWindow.xib */ = {isa = PBXFileReference; fileEncoding = 4; lastKnownFileType = file.xib; path = CustomInfoWindow.xib; sourceTree = "<group>"; };
		0426E0342164F5050017E88B /* CustomInfoWindow.swift */ = {isa = PBXFileReference; fileEncoding = 4; lastKnownFileType = sourcecode.swift; path = CustomInfoWindow.swift; sourceTree = "<group>"; };
		043E033421746CF100134F78 /* Spotbirdparking-Bridging-Header.h */ = {isa = PBXFileReference; lastKnownFileType = sourcecode.c.h; path = "Spotbirdparking-Bridging-Header.h"; sourceTree = "<group>"; };
		043E033521746CF300134F78 /* iToast.m */ = {isa = PBXFileReference; fileEncoding = 4; lastKnownFileType = sourcecode.c.objc; path = iToast.m; sourceTree = "<group>"; };
		043E033621746CF300134F78 /* iToast.h */ = {isa = PBXFileReference; fileEncoding = 4; lastKnownFileType = sourcecode.c.h; path = iToast.h; sourceTree = "<group>"; };
		044217B42189BDF600946D91 /* CustomView.swift */ = {isa = PBXFileReference; fileEncoding = 4; lastKnownFileType = sourcecode.swift; path = CustomView.swift; sourceTree = "<group>"; };
		04572D8E2276DB3600CDBB64 /* ReservationsDetailViewController.swift */ = {isa = PBXFileReference; lastKnownFileType = sourcecode.swift; path = ReservationsDetailViewController.swift; sourceTree = "<group>"; };
		04ACA8FD21F5C9D80015CF8D /* TNConstants.swift */ = {isa = PBXFileReference; fileEncoding = 4; lastKnownFileType = sourcecode.swift; path = TNConstants.swift; sourceTree = "<group>"; };
		04ACA8FE21F5C9D80015CF8D /* TNSlider.h */ = {isa = PBXFileReference; fileEncoding = 4; lastKnownFileType = sourcecode.c.h; path = TNSlider.h; sourceTree = "<group>"; };
		04ACA8FF21F5C9D80015CF8D /* TNSlider.swift */ = {isa = PBXFileReference; fileEncoding = 4; lastKnownFileType = sourcecode.swift; path = TNSlider.swift; sourceTree = "<group>"; };
		04ACA90021F5C9D80015CF8D /* TNTextLayer.swift */ = {isa = PBXFileReference; fileEncoding = 4; lastKnownFileType = sourcecode.swift; path = TNTextLayer.swift; sourceTree = "<group>"; };
		04ACA90121F5C9D80015CF8D /* TNTrackLayer.swift */ = {isa = PBXFileReference; fileEncoding = 4; lastKnownFileType = sourcecode.swift; path = TNTrackLayer.swift; sourceTree = "<group>"; };
		04B4D5942163BDF400F49505 /* GoogleService-Info.plist */ = {isa = PBXFileReference; fileEncoding = 4; lastKnownFileType = text.plist.xml; path = "GoogleService-Info.plist"; sourceTree = "<group>"; };
		04CC3FB12261EC8B00FF30B2 /* FirstViewController.swift */ = {isa = PBXFileReference; lastKnownFileType = sourcecode.swift; path = FirstViewController.swift; sourceTree = "<group>"; };
		04CE142D21C5257A00338DEE /* Timeclass.swift */ = {isa = PBXFileReference; lastKnownFileType = sourcecode.swift; path = Timeclass.swift; sourceTree = "<group>"; };
		04E63847216211AD003EAC28 /* Signup_ViewController.swift */ = {isa = PBXFileReference; lastKnownFileType = sourcecode.swift; path = Signup_ViewController.swift; sourceTree = "<group>"; };
		04E638492162722F003EAC28 /* CoreLocation.framework */ = {isa = PBXFileReference; lastKnownFileType = wrapper.framework; name = CoreLocation.framework; path = System/Library/Frameworks/CoreLocation.framework; sourceTree = SDKROOT; };
		30BA59F0E7DDB3E61BBECED1 /* Pods_Spotbird.framework */ = {isa = PBXFileReference; explicitFileType = wrapper.framework; includeInIndex = 0; path = Pods_Spotbird.framework; sourceTree = BUILT_PRODUCTS_DIR; };
		67F2C00F8C7357DF52D64EF5 /* Pods-SpotbirdTests.debug.xcconfig */ = {isa = PBXFileReference; includeInIndex = 1; lastKnownFileType = text.xcconfig; name = "Pods-SpotbirdTests.debug.xcconfig"; path = "Pods/Target Support Files/Pods-SpotbirdTests/Pods-SpotbirdTests.debug.xcconfig"; sourceTree = "<group>"; };
		7F1C546B9D9D5AD45B0FF4E8 /* Pods-SpotbirdTests.release.xcconfig */ = {isa = PBXFileReference; includeInIndex = 1; lastKnownFileType = text.xcconfig; name = "Pods-SpotbirdTests.release.xcconfig"; path = "Pods/Target Support Files/Pods-SpotbirdTests/Pods-SpotbirdTests.release.xcconfig"; sourceTree = "<group>"; };
		95ABCDDFE28931C6DD2A960E /* Pods-Spotbirdparking.release.xcconfig */ = {isa = PBXFileReference; includeInIndex = 1; lastKnownFileType = text.xcconfig; name = "Pods-Spotbirdparking.release.xcconfig"; path = "Pods/Target Support Files/Pods-Spotbirdparking/Pods-Spotbirdparking.release.xcconfig"; sourceTree = "<group>"; };
		AEAFF4B492A691B0B7D3A811 /* Pods-Spotbirdparking.debug.xcconfig */ = {isa = PBXFileReference; includeInIndex = 1; lastKnownFileType = text.xcconfig; name = "Pods-Spotbirdparking.debug.xcconfig"; path = "Pods/Target Support Files/Pods-Spotbirdparking/Pods-Spotbirdparking.debug.xcconfig"; sourceTree = "<group>"; };
		B5D1565F156B315AFFDFDD8B /* Pods-SpotbirdparkingTests.release.xcconfig */ = {isa = PBXFileReference; includeInIndex = 1; lastKnownFileType = text.xcconfig; name = "Pods-SpotbirdparkingTests.release.xcconfig"; path = "Pods/Target Support Files/Pods-SpotbirdparkingTests/Pods-SpotbirdparkingTests.release.xcconfig"; sourceTree = "<group>"; };
		B701C8E022A096130054F6D9 /* EmailViewController.swift */ = {isa = PBXFileReference; lastKnownFileType = sourcecode.swift; path = EmailViewController.swift; sourceTree = "<group>"; };
		B702B111212E361D004B3EF1 /* PriceViewController.swift */ = {isa = PBXFileReference; lastKnownFileType = sourcecode.swift; path = PriceViewController.swift; sourceTree = "<group>"; };
		B710B9942299FE1C00AF0C0E /* ProvideIDDocViewController.swift */ = {isa = PBXFileReference; lastKnownFileType = sourcecode.swift; path = ProvideIDDocViewController.swift; sourceTree = "<group>"; };
		B7141A4C20ED1DAF005B54D3 /* MyAPIClient.swift */ = {isa = PBXFileReference; lastKnownFileType = sourcecode.swift; path = MyAPIClient.swift; sourceTree = "<group>"; };
		B71F2DE22086CDA800F47274 /* Spotbird.app */ = {isa = PBXFileReference; explicitFileType = wrapper.application; includeInIndex = 0; path = Spotbird.app; sourceTree = BUILT_PRODUCTS_DIR; };
		B71F2DE52086CDA800F47274 /* AppDelegate.swift */ = {isa = PBXFileReference; lastKnownFileType = sourcecode.swift; path = AppDelegate.swift; sourceTree = "<group>"; };
		B71F2DEC2086CDA800F47274 /* Base */ = {isa = PBXFileReference; lastKnownFileType = file.storyboard; name = Base; path = Base.lproj/Main.storyboard; sourceTree = "<group>"; };
		B71F2DEE2086CDAA00F47274 /* Assets.xcassets */ = {isa = PBXFileReference; lastKnownFileType = folder.assetcatalog; path = Assets.xcassets; sourceTree = "<group>"; };
		B71F2DF12086CDAA00F47274 /* Base */ = {isa = PBXFileReference; lastKnownFileType = file.storyboard; name = Base; path = Base.lproj/LaunchScreen.storyboard; sourceTree = "<group>"; };
		B71F2DF32086CDAA00F47274 /* Info.plist */ = {isa = PBXFileReference; lastKnownFileType = text.plist.xml; path = Info.plist; sourceTree = "<group>"; };
		B71F2DF82086CDAA00F47274 /* SpotbirdTests.xctest */ = {isa = PBXFileReference; explicitFileType = wrapper.cfbundle; includeInIndex = 0; path = SpotbirdTests.xctest; sourceTree = BUILT_PRODUCTS_DIR; };
		B71F2DFC2086CDAA00F47274 /* SpotbirdparkingTests.swift */ = {isa = PBXFileReference; lastKnownFileType = sourcecode.swift; path = SpotbirdparkingTests.swift; sourceTree = "<group>"; };
		B71F2DFE2086CDAA00F47274 /* Info.plist */ = {isa = PBXFileReference; lastKnownFileType = text.plist.xml; path = Info.plist; sourceTree = "<group>"; };
		B72D8BE320D0B6BE0038310F /* CheckBox.swift */ = {isa = PBXFileReference; lastKnownFileType = sourcecode.swift; path = CheckBox.swift; sourceTree = "<group>"; };
		B72F7C1D227141AA001B6D6F /* ProvideSSNViewController.swift */ = {isa = PBXFileReference; lastKnownFileType = sourcecode.swift; path = ProvideSSNViewController.swift; sourceTree = "<group>"; };
		B72F7C1F22715821001B6D6F /* SSNTextField.swift */ = {isa = PBXFileReference; lastKnownFileType = sourcecode.swift; path = SSNTextField.swift; sourceTree = "<group>"; };
		B735CB9521C8A2EA00946C73 /* PayoutsViewController.swift */ = {isa = PBXFileReference; lastKnownFileType = sourcecode.swift; path = PayoutsViewController.swift; sourceTree = "<group>"; };
		B7364D0520B65B390081F40F /* ProfileTableOption.swift */ = {isa = PBXFileReference; lastKnownFileType = sourcecode.swift; path = ProfileTableOption.swift; sourceTree = "<group>"; };
		B7445D66212B967C0063F58D /* Spot.swift */ = {isa = PBXFileReference; lastKnownFileType = sourcecode.swift; path = Spot.swift; sourceTree = "<group>"; };
		B74DE6ED2178100F0049A31B /* ReservationsViewController.swift */ = {isa = PBXFileReference; lastKnownFileType = sourcecode.swift; path = ReservationsViewController.swift; sourceTree = "<group>"; };
		B75AE7B820C496B40069A151 /* CarsTableViewCell.swift */ = {isa = PBXFileReference; lastKnownFileType = sourcecode.swift; path = CarsTableViewCell.swift; sourceTree = "<group>"; };
		B75AE7BA20C4B63D0069A151 /* CarsDefinitionViewController.swift */ = {isa = PBXFileReference; lastKnownFileType = sourcecode.swift; path = CarsDefinitionViewController.swift; sourceTree = "<group>"; };
		B7626AA6237A5B59004CDBD3 /* ProfileOptionsViewController.swift */ = {isa = PBXFileReference; lastKnownFileType = sourcecode.swift; path = ProfileOptionsViewController.swift; sourceTree = "<group>"; };
		B77D9345211A807700D505BD /* ScheduleViewController.swift */ = {isa = PBXFileReference; lastKnownFileType = sourcecode.swift; path = ScheduleViewController.swift; sourceTree = "<group>"; };
		B7826C932147582100616275 /* User.swift */ = {isa = PBXFileReference; lastKnownFileType = sourcecode.swift; path = User.swift; sourceTree = "<group>"; };
		B79D514A218BDA4E001EFE1C /* ByDayResTableViewCell.swift */ = {isa = PBXFileReference; lastKnownFileType = sourcecode.swift; path = ByDayResTableViewCell.swift; sourceTree = "<group>"; };
		B79F5C19237DE88700B1849F /* config.plist */ = {isa = PBXFileReference; lastKnownFileType = text.plist; path = config.plist; sourceTree = "<group>"; };
		B7A35D4020F5AA4500E4B566 /* AddressViewController.swift */ = {isa = PBXFileReference; lastKnownFileType = sourcecode.swift; path = AddressViewController.swift; sourceTree = "<group>"; };
		B7A669D72134EC030057A283 /* AppState.swift */ = {isa = PBXFileReference; lastKnownFileType = sourcecode.swift; path = AppState.swift; sourceTree = "<group>"; };
		B7A86B4A20C0E9DB00041C61 /* Car.swift */ = {isa = PBXFileReference; lastKnownFileType = sourcecode.swift; path = Car.swift; sourceTree = "<group>"; };
		B7B67FE220C34A7400A13FD0 /* CarsViewController.swift */ = {isa = PBXFileReference; lastKnownFileType = sourcecode.swift; path = CarsViewController.swift; sourceTree = "<group>"; };
		B7BC7104218166AE00EE6F7A /* CustomCell.swift */ = {isa = PBXFileReference; lastKnownFileType = sourcecode.swift; path = CustomCell.swift; sourceTree = "<group>"; };
		B7CD91E820F8298F00CFF016 /* SpotTableViewCell.swift */ = {isa = PBXFileReference; lastKnownFileType = sourcecode.swift; path = SpotTableViewCell.swift; sourceTree = "<group>"; };
		B7CD91EA20F82C6100CFF016 /* ShareViewController.swift */ = {isa = PBXFileReference; lastKnownFileType = sourcecode.swift; path = ShareViewController.swift; sourceTree = "<group>"; };
		B7CF24F020BCBB3000722933 /* YouViewController.swift */ = {isa = PBXFileReference; lastKnownFileType = sourcecode.swift; path = YouViewController.swift; sourceTree = "<group>"; };
		B7D3B2D52172644500ADBAD4 /* Reservation.swift */ = {isa = PBXFileReference; lastKnownFileType = sourcecode.swift; path = Reservation.swift; sourceTree = "<group>"; };
		B7F9425820FD903D001B421E /* SpotImageViewController.swift */ = {isa = PBXFileReference; lastKnownFileType = sourcecode.swift; path = SpotImageViewController.swift; sourceTree = "<group>"; };
		D08408BCF6BF9BC8856D9DC8 /* Pods-Spotbird.debug.xcconfig */ = {isa = PBXFileReference; includeInIndex = 1; lastKnownFileType = text.xcconfig; name = "Pods-Spotbird.debug.xcconfig"; path = "Pods/Target Support Files/Pods-Spotbird/Pods-Spotbird.debug.xcconfig"; sourceTree = "<group>"; };
		D6FA3ABE6760FFEF8C3EDDA5 /* Pods_SpotbirdTests.framework */ = {isa = PBXFileReference; explicitFileType = wrapper.framework; includeInIndex = 0; path = Pods_SpotbirdTests.framework; sourceTree = BUILT_PRODUCTS_DIR; };
		DF0218389585B018109DC51B /* Pods-Spotbird.release.xcconfig */ = {isa = PBXFileReference; includeInIndex = 1; lastKnownFileType = text.xcconfig; name = "Pods-Spotbird.release.xcconfig"; path = "Pods/Target Support Files/Pods-Spotbird/Pods-Spotbird.release.xcconfig"; sourceTree = "<group>"; };
/* End PBXFileReference section */

/* Begin PBXFrameworksBuildPhase section */
		B71F2DDF2086CDA800F47274 /* Frameworks */ = {
			isa = PBXFrameworksBuildPhase;
			buildActionMask = 2147483647;
			files = (
				04E6384A2162722F003EAC28 /* CoreLocation.framework in Frameworks */,
				380220B5E1F0A5C2EC066F85 /* Pods_Spotbird.framework in Frameworks */,
			);
			runOnlyForDeploymentPostprocessing = 0;
		};
		B71F2DF52086CDAA00F47274 /* Frameworks */ = {
			isa = PBXFrameworksBuildPhase;
			buildActionMask = 2147483647;
			files = (
				BF3D446DCCD938DB26CCD505 /* Pods_SpotbirdTests.framework in Frameworks */,
			);
			runOnlyForDeploymentPostprocessing = 0;
		};
/* End PBXFrameworksBuildPhase section */

/* Begin PBXGroup section */
		042F4CD12229211800BD546A /* Model */ = {
			isa = PBXGroup;
			children = (
				B7A669D72134EC030057A283 /* AppState.swift */,
				B7826C932147582100616275 /* User.swift */,
				B7445D66212B967C0063F58D /* Spot.swift */,
				B7A86B4A20C0E9DB00041C61 /* Car.swift */,
				B7D3B2D52172644500ADBAD4 /* Reservation.swift */,
			);
			path = Model;
			sourceTree = "<group>";
		};
		043E033321746CDD00134F78 /* Third_Partys */ = {
			isa = PBXGroup;
			children = (
				04ACA8FA21F5C9D80015CF8D /* Sources */,
				044217B42189BDF600946D91 /* CustomView.swift */,
				043E033621746CF300134F78 /* iToast.h */,
				043E033521746CF300134F78 /* iToast.m */,
				043E033421746CF100134F78 /* Spotbirdparking-Bridging-Header.h */,
				04CE142D21C5257A00338DEE /* Timeclass.swift */,
			);
			path = Third_Partys;
			sourceTree = "<group>";
		};
		04ACA8FA21F5C9D80015CF8D /* Sources */ = {
			isa = PBXGroup;
			children = (
				04ACA8FD21F5C9D80015CF8D /* TNConstants.swift */,
				04ACA8FE21F5C9D80015CF8D /* TNSlider.h */,
				04ACA8FF21F5C9D80015CF8D /* TNSlider.swift */,
				04ACA90021F5C9D80015CF8D /* TNTextLayer.swift */,
				04ACA90121F5C9D80015CF8D /* TNTrackLayer.swift */,
			);
			path = Sources;
			sourceTree = "<group>";
		};
		944B5E3080046E7597205612 /* Pods */ = {
			isa = PBXGroup;
			children = (
				AEAFF4B492A691B0B7D3A811 /* Pods-Spotbirdparking.debug.xcconfig */,
				95ABCDDFE28931C6DD2A960E /* Pods-Spotbirdparking.release.xcconfig */,
				01B56EF32C26977496659DC2 /* Pods-SpotbirdparkingTests.debug.xcconfig */,
				B5D1565F156B315AFFDFDD8B /* Pods-SpotbirdparkingTests.release.xcconfig */,
				D08408BCF6BF9BC8856D9DC8 /* Pods-Spotbird.debug.xcconfig */,
				DF0218389585B018109DC51B /* Pods-Spotbird.release.xcconfig */,
				67F2C00F8C7357DF52D64EF5 /* Pods-SpotbirdTests.debug.xcconfig */,
				7F1C546B9D9D5AD45B0FF4E8 /* Pods-SpotbirdTests.release.xcconfig */,
			);
			name = Pods;
			sourceTree = "<group>";
		};
		B71F2DD92086CDA700F47274 = {
			isa = PBXGroup;
			children = (
				B71F2DE42086CDA800F47274 /* Spotbirdparking */,
				B71F2DFB2086CDAA00F47274 /* SpotbirdparkingTests */,
				B71F2DE32086CDA800F47274 /* Products */,
				BB81449C832F6316AD50E70D /* Frameworks */,
				944B5E3080046E7597205612 /* Pods */,
			);
			sourceTree = "<group>";
		};
		B71F2DE32086CDA800F47274 /* Products */ = {
			isa = PBXGroup;
			children = (
				B71F2DE22086CDA800F47274 /* Spotbird.app */,
				B71F2DF82086CDAA00F47274 /* SpotbirdTests.xctest */,
			);
			name = Products;
			sourceTree = "<group>";
		};
		B71F2DE42086CDA800F47274 /* Spotbirdparking */ = {
			isa = PBXGroup;
			children = (
				042F4CD12229211800BD546A /* Model */,
				043E033321746CDD00134F78 /* Third_Partys */,
				04B4D5942163BDF400F49505 /* GoogleService-Info.plist */,
				B71F2DE52086CDA800F47274 /* AppDelegate.swift */,
				B7141A4C20ED1DAF005B54D3 /* MyAPIClient.swift */,
				0426E0342164F5050017E88B /* CustomInfoWindow.swift */,
				0406E62921620AD900C3E97B /* Login_ViewController.swift */,
				04E63847216211AD003EAC28 /* Signup_ViewController.swift */,
				04CC3FB12261EC8B00FF30B2 /* FirstViewController.swift */,
				B7626AA6237A5B59004CDBD3 /* ProfileOptionsViewController.swift */,
				B7364D0520B65B390081F40F /* ProfileTableOption.swift */,
				B7CF24F020BCBB3000722933 /* YouViewController.swift */,
				B7B67FE220C34A7400A13FD0 /* CarsViewController.swift */,
				B75AE7B820C496B40069A151 /* CarsTableViewCell.swift */,
				B75AE7BA20C4B63D0069A151 /* CarsDefinitionViewController.swift */,
				B7CD91E820F8298F00CFF016 /* SpotTableViewCell.swift */,
				B7CD91EA20F82C6100CFF016 /* ShareViewController.swift */,
				B7A35D4020F5AA4500E4B566 /* AddressViewController.swift */,
				B7F9425820FD903D001B421E /* SpotImageViewController.swift */,
				B77D9345211A807700D505BD /* ScheduleViewController.swift */,
				B702B111212E361D004B3EF1 /* PriceViewController.swift */,
				B735CB9521C8A2EA00946C73 /* PayoutsViewController.swift */,
				B72F7C1D227141AA001B6D6F /* ProvideSSNViewController.swift */,
				B710B9942299FE1C00AF0C0E /* ProvideIDDocViewController.swift */,
				B74DE6ED2178100F0049A31B /* ReservationsViewController.swift */,
				04572D8E2276DB3600CDBB64 /* ReservationsDetailViewController.swift */,
				00ECD99A22A6A9CA00E7F015 /* RentingOutDetailViewController.swift */,
				B79D514A218BDA4E001EFE1C /* ByDayResTableViewCell.swift */,
				B701C8E022A096130054F6D9 /* EmailViewController.swift */,
				B7BC7104218166AE00EE6F7A /* CustomCell.swift */,
				B72D8BE320D0B6BE0038310F /* CheckBox.swift */,
				B72F7C1F22715821001B6D6F /* SSNTextField.swift */,
				B71F2DEB2086CDA800F47274 /* Main.storyboard */,
				0426E0322164F4FE0017E88B /* CustomInfoWindow.xib */,
				041EC521217F42AA007DEC9C /* Custommarkerinfo.xib */,
				B71F2DEE2086CDAA00F47274 /* Assets.xcassets */,
				B71F2DF02086CDAA00F47274 /* LaunchScreen.storyboard */,
				B71F2DF32086CDAA00F47274 /* Info.plist */,
				B79F5C19237DE88700B1849F /* config.plist */,
				041EC523217F44EA007DEC9C /* Custommarkerinfo.swift */,
			);
			path = Spotbirdparking;
			sourceTree = "<group>";
		};
		B71F2DFB2086CDAA00F47274 /* SpotbirdparkingTests */ = {
			isa = PBXGroup;
			children = (
				B71F2DFC2086CDAA00F47274 /* SpotbirdparkingTests.swift */,
				B71F2DFE2086CDAA00F47274 /* Info.plist */,
			);
			path = SpotbirdparkingTests;
			sourceTree = "<group>";
		};
		BB81449C832F6316AD50E70D /* Frameworks */ = {
			isa = PBXGroup;
			children = (
				04E638492162722F003EAC28 /* CoreLocation.framework */,
				30BA59F0E7DDB3E61BBECED1 /* Pods_Spotbird.framework */,
				D6FA3ABE6760FFEF8C3EDDA5 /* Pods_SpotbirdTests.framework */,
			);
			name = Frameworks;
			sourceTree = "<group>";
		};
/* End PBXGroup section */

/* Begin PBXNativeTarget section */
		B71F2DE12086CDA800F47274 /* Spotbird */ = {
			isa = PBXNativeTarget;
			buildConfigurationList = B71F2E012086CDAA00F47274 /* Build configuration list for PBXNativeTarget "Spotbird" */;
			buildPhases = (
				07AAB6FA531643F052978AB0 /* [CP] Check Pods Manifest.lock */,
				B71F2DDE2086CDA800F47274 /* Sources */,
				B71F2DDF2086CDA800F47274 /* Frameworks */,
				B71F2DE02086CDA800F47274 /* Resources */,
				18838CE54053F859DDF04AF4 /* [CP] Embed Pods Frameworks */,
				A0A2B98DF80500F10EB35141 /* [CP] Copy Pods Resources */,
			);
			buildRules = (
			);
			dependencies = (
			);
			name = Spotbird;
			productName = Spotbirdparking;
			productReference = B71F2DE22086CDA800F47274 /* Spotbird.app */;
			productType = "com.apple.product-type.application";
		};
		B71F2DF72086CDAA00F47274 /* SpotbirdTests */ = {
			isa = PBXNativeTarget;
			buildConfigurationList = B71F2E042086CDAA00F47274 /* Build configuration list for PBXNativeTarget "SpotbirdTests" */;
			buildPhases = (
				915A1E80D281B73CDA0C9868 /* [CP] Check Pods Manifest.lock */,
				B71F2DF42086CDAA00F47274 /* Sources */,
				B71F2DF52086CDAA00F47274 /* Frameworks */,
				B71F2DF62086CDAA00F47274 /* Resources */,
			);
			buildRules = (
			);
			dependencies = (
				B71F2DFA2086CDAA00F47274 /* PBXTargetDependency */,
			);
			name = SpotbirdTests;
			productName = SpotbirdparkingTests;
			productReference = B71F2DF82086CDAA00F47274 /* SpotbirdTests.xctest */;
			productType = "com.apple.product-type.bundle.unit-test";
		};
/* End PBXNativeTarget section */

/* Begin PBXProject section */
		B71F2DDA2086CDA700F47274 /* Project object */ = {
			isa = PBXProject;
			attributes = {
				LastSwiftUpdateCheck = 0930;
				LastUpgradeCheck = 0930;
				ORGANIZATIONNAME = Spotbird;
				TargetAttributes = {
					B71F2DE12086CDA800F47274 = {
						CreatedOnToolsVersion = 9.3;
						LastSwiftMigration = 0940;
					};
					B71F2DF72086CDAA00F47274 = {
						CreatedOnToolsVersion = 9.3;
						TestTargetID = B71F2DE12086CDA800F47274;
					};
				};
			};
			buildConfigurationList = B71F2DDD2086CDA700F47274 /* Build configuration list for PBXProject "Spotbird" */;
			compatibilityVersion = "Xcode 9.3";
			developmentRegion = en;
			hasScannedForEncodings = 0;
			knownRegions = (
				en,
				Base,
			);
			mainGroup = B71F2DD92086CDA700F47274;
			productRefGroup = B71F2DE32086CDA800F47274 /* Products */;
			projectDirPath = "";
			projectRoot = "";
			targets = (
				B71F2DE12086CDA800F47274 /* Spotbird */,
				B71F2DF72086CDAA00F47274 /* SpotbirdTests */,
			);
		};
/* End PBXProject section */

/* Begin PBXResourcesBuildPhase section */
		B71F2DE02086CDA800F47274 /* Resources */ = {
			isa = PBXResourcesBuildPhase;
			buildActionMask = 2147483647;
			files = (
				041EC522217F42AA007DEC9C /* Custommarkerinfo.xib in Resources */,
				0426E0332164F4FF0017E88B /* CustomInfoWindow.xib in Resources */,
				B71F2DF22086CDAA00F47274 /* LaunchScreen.storyboard in Resources */,
				04B4D5952163BDF400F49505 /* GoogleService-Info.plist in Resources */,
				B71F2DEF2086CDAA00F47274 /* Assets.xcassets in Resources */,
				B71F2DED2086CDA800F47274 /* Main.storyboard in Resources */,
			);
			runOnlyForDeploymentPostprocessing = 0;
		};
		B71F2DF62086CDAA00F47274 /* Resources */ = {
			isa = PBXResourcesBuildPhase;
			buildActionMask = 2147483647;
			files = (
			);
			runOnlyForDeploymentPostprocessing = 0;
		};
/* End PBXResourcesBuildPhase section */

/* Begin PBXShellScriptBuildPhase section */
		07AAB6FA531643F052978AB0 /* [CP] Check Pods Manifest.lock */ = {
			isa = PBXShellScriptBuildPhase;
			buildActionMask = 2147483647;
			files = (
			);
			inputFileListPaths = (
			);
			inputPaths = (
				"${PODS_PODFILE_DIR_PATH}/Podfile.lock",
				"${PODS_ROOT}/Manifest.lock",
			);
			name = "[CP] Check Pods Manifest.lock";
			outputFileListPaths = (
			);
			outputPaths = (
				"$(DERIVED_FILE_DIR)/Pods-Spotbird-checkManifestLockResult.txt",
			);
			runOnlyForDeploymentPostprocessing = 0;
			shellPath = /bin/sh;
			shellScript = "diff \"${PODS_PODFILE_DIR_PATH}/Podfile.lock\" \"${PODS_ROOT}/Manifest.lock\" > /dev/null\nif [ $? != 0 ] ; then\n    # print error to STDERR\n    echo \"error: The sandbox is not in sync with the Podfile.lock. Run 'pod install' or update your CocoaPods installation.\" >&2\n    exit 1\nfi\n# This output is used by Xcode 'outputs' to avoid re-running this script phase.\necho \"SUCCESS\" > \"${SCRIPT_OUTPUT_FILE_0}\"\n";
			showEnvVarsInLog = 0;
		};
		18838CE54053F859DDF04AF4 /* [CP] Embed Pods Frameworks */ = {
			isa = PBXShellScriptBuildPhase;
			buildActionMask = 2147483647;
			files = (
			);
			inputFileListPaths = (
				"${PODS_ROOT}/Target Support Files/Pods-Spotbird/Pods-Spotbird-frameworks-${CONFIGURATION}-input-files.xcfilelist",
			);
			name = "[CP] Embed Pods Frameworks";
			outputFileListPaths = (
				"${PODS_ROOT}/Target Support Files/Pods-Spotbird/Pods-Spotbird-frameworks-${CONFIGURATION}-output-files.xcfilelist",
			);
			runOnlyForDeploymentPostprocessing = 0;
			shellPath = /bin/sh;
			shellScript = "\"${PODS_ROOT}/Target Support Files/Pods-Spotbird/Pods-Spotbird-frameworks.sh\"\n";
			showEnvVarsInLog = 0;
		};
		915A1E80D281B73CDA0C9868 /* [CP] Check Pods Manifest.lock */ = {
			isa = PBXShellScriptBuildPhase;
			buildActionMask = 2147483647;
			files = (
			);
			inputFileListPaths = (
			);
			inputPaths = (
				"${PODS_PODFILE_DIR_PATH}/Podfile.lock",
				"${PODS_ROOT}/Manifest.lock",
			);
			name = "[CP] Check Pods Manifest.lock";
			outputFileListPaths = (
			);
			outputPaths = (
				"$(DERIVED_FILE_DIR)/Pods-SpotbirdTests-checkManifestLockResult.txt",
			);
			runOnlyForDeploymentPostprocessing = 0;
			shellPath = /bin/sh;
			shellScript = "diff \"${PODS_PODFILE_DIR_PATH}/Podfile.lock\" \"${PODS_ROOT}/Manifest.lock\" > /dev/null\nif [ $? != 0 ] ; then\n    # print error to STDERR\n    echo \"error: The sandbox is not in sync with the Podfile.lock. Run 'pod install' or update your CocoaPods installation.\" >&2\n    exit 1\nfi\n# This output is used by Xcode 'outputs' to avoid re-running this script phase.\necho \"SUCCESS\" > \"${SCRIPT_OUTPUT_FILE_0}\"\n";
			showEnvVarsInLog = 0;
		};
		A0A2B98DF80500F10EB35141 /* [CP] Copy Pods Resources */ = {
			isa = PBXShellScriptBuildPhase;
			buildActionMask = 2147483647;
			files = (
			);
			inputFileListPaths = (
				"${PODS_ROOT}/Target Support Files/Pods-Spotbird/Pods-Spotbird-resources-${CONFIGURATION}-input-files.xcfilelist",
			);
			name = "[CP] Copy Pods Resources";
			outputFileListPaths = (
				"${PODS_ROOT}/Target Support Files/Pods-Spotbird/Pods-Spotbird-resources-${CONFIGURATION}-output-files.xcfilelist",
			);
			runOnlyForDeploymentPostprocessing = 0;
			shellPath = /bin/sh;
			shellScript = "\"${PODS_ROOT}/Target Support Files/Pods-Spotbird/Pods-Spotbird-resources.sh\"\n";
			showEnvVarsInLog = 0;
		};
/* End PBXShellScriptBuildPhase section */

/* Begin PBXSourcesBuildPhase section */
		B71F2DDE2086CDA800F47274 /* Sources */ = {
			isa = PBXSourcesBuildPhase;
			buildActionMask = 2147483647;
			files = (
				B7826C942147582100616275 /* User.swift in Sources */,
				B7CD91EB20F82C6100CFF016 /* ShareViewController.swift in Sources */,
				0426E0352164F5060017E88B /* CustomInfoWindow.swift in Sources */,
				B7626AA7237A5B59004CDBD3 /* ProfileOptionsViewController.swift in Sources */,
				B71F2DE62086CDA800F47274 /* AppDelegate.swift in Sources */,
				B74DE6EE2178100F0049A31B /* ReservationsViewController.swift in Sources */,
				04E63848216211AD003EAC28 /* Signup_ViewController.swift in Sources */,
				B79D514B218BDA4E001EFE1C /* ByDayResTableViewCell.swift in Sources */,
				B7445D67212B967C0063F58D /* Spot.swift in Sources */,
				B75AE7BB20C4B63D0069A151 /* CarsDefinitionViewController.swift in Sources */,
				B77D9346211A807700D505BD /* ScheduleViewController.swift in Sources */,
				B72F7C1E227141AA001B6D6F /* ProvideSSNViewController.swift in Sources */,
				B735CB9621C8A2EA00946C73 /* PayoutsViewController.swift in Sources */,
				04ACA90621F5C9D90015CF8D /* TNTextLayer.swift in Sources */,
				B7364D0620B65B390081F40F /* ProfileTableOption.swift in Sources */,
				04ACA90721F5C9D90015CF8D /* TNTrackLayer.swift in Sources */,
				B7BC7105218166AE00EE6F7A /* CustomCell.swift in Sources */,
				0426E0382164F97D0017E88B /* PriceViewController.swift in Sources */,
				04ACA90521F5C9D90015CF8D /* TNSlider.swift in Sources */,
				B7A86B4B20C0E9DB00041C61 /* Car.swift in Sources */,
				B72D8BE420D0B6BE0038310F /* CheckBox.swift in Sources */,
				B7F9425920FD903D001B421E /* SpotImageViewController.swift in Sources */,
				044217B52189BDF700946D91 /* CustomView.swift in Sources */,
				041EC524217F44EA007DEC9C /* Custommarkerinfo.swift in Sources */,
				B72F7C2022715821001B6D6F /* SSNTextField.swift in Sources */,
				B7D3B2D62172644500ADBAD4 /* Reservation.swift in Sources */,
				B7A669D82134EC030057A283 /* AppState.swift in Sources */,
				043E033721746CF300134F78 /* iToast.m in Sources */,
				B710B9952299FE1C00AF0C0E /* ProvideIDDocViewController.swift in Sources */,
				B7CD91E920F8298F00CFF016 /* SpotTableViewCell.swift in Sources */,
				04CC3FB22261EC8B00FF30B2 /* FirstViewController.swift in Sources */,
				B7CF24F120BCBB3000722933 /* YouViewController.swift in Sources */,
				B75AE7B920C496B40069A151 /* CarsTableViewCell.swift in Sources */,
				B7141A4D20ED1DAF005B54D3 /* MyAPIClient.swift in Sources */,
				B79F5C1A237DE88700B1849F /* config.plist in Sources */,
				B7B67FE320C34A7400A13FD0 /* CarsViewController.swift in Sources */,
				04CE142E21C5257A00338DEE /* Timeclass.swift in Sources */,
				B701C8E122A096130054F6D9 /* EmailViewController.swift in Sources */,
				04572D8F2276DB3600CDBB64 /* ReservationsDetailViewController.swift in Sources */,
				00ECD99B22A6A9CA00E7F015 /* RentingOutDetailViewController.swift in Sources */,
				0406E62A21620AD900C3E97B /* Login_ViewController.swift in Sources */,
				04ACA90421F5C9D90015CF8D /* TNConstants.swift in Sources */,
				B7A35D4120F5AA4500E4B566 /* AddressViewController.swift in Sources */,
			);
			runOnlyForDeploymentPostprocessing = 0;
		};
		B71F2DF42086CDAA00F47274 /* Sources */ = {
			isa = PBXSourcesBuildPhase;
			buildActionMask = 2147483647;
			files = (
				B71F2DFD2086CDAA00F47274 /* SpotbirdparkingTests.swift in Sources */,
			);
			runOnlyForDeploymentPostprocessing = 0;
		};
/* End PBXSourcesBuildPhase section */

/* Begin PBXTargetDependency section */
		B71F2DFA2086CDAA00F47274 /* PBXTargetDependency */ = {
			isa = PBXTargetDependency;
			target = B71F2DE12086CDA800F47274 /* Spotbird */;
			targetProxy = B71F2DF92086CDAA00F47274 /* PBXContainerItemProxy */;
		};
/* End PBXTargetDependency section */

/* Begin PBXVariantGroup section */
		B71F2DEB2086CDA800F47274 /* Main.storyboard */ = {
			isa = PBXVariantGroup;
			children = (
				B71F2DEC2086CDA800F47274 /* Base */,
			);
			name = Main.storyboard;
			sourceTree = "<group>";
		};
		B71F2DF02086CDAA00F47274 /* LaunchScreen.storyboard */ = {
			isa = PBXVariantGroup;
			children = (
				B71F2DF12086CDAA00F47274 /* Base */,
			);
			name = LaunchScreen.storyboard;
			sourceTree = "<group>";
		};
/* End PBXVariantGroup section */

/* Begin XCBuildConfiguration section */
		B71F2DFF2086CDAA00F47274 /* Debug */ = {
			isa = XCBuildConfiguration;
			buildSettings = {
				ALWAYS_SEARCH_USER_PATHS = NO;
				CLANG_ANALYZER_NONNULL = YES;
				CLANG_ANALYZER_NUMBER_OBJECT_CONVERSION = YES_AGGRESSIVE;
				CLANG_CXX_LANGUAGE_STANDARD = "gnu++14";
				CLANG_CXX_LIBRARY = "libc++";
				CLANG_ENABLE_MODULES = YES;
				CLANG_ENABLE_OBJC_ARC = YES;
				CLANG_ENABLE_OBJC_WEAK = YES;
				CLANG_WARN_BLOCK_CAPTURE_AUTORELEASING = YES;
				CLANG_WARN_BOOL_CONVERSION = YES;
				CLANG_WARN_COMMA = YES;
				CLANG_WARN_CONSTANT_CONVERSION = YES;
				CLANG_WARN_DEPRECATED_OBJC_IMPLEMENTATIONS = YES;
				CLANG_WARN_DIRECT_OBJC_ISA_USAGE = YES_ERROR;
				CLANG_WARN_DOCUMENTATION_COMMENTS = YES;
				CLANG_WARN_EMPTY_BODY = YES;
				CLANG_WARN_ENUM_CONVERSION = YES;
				CLANG_WARN_INFINITE_RECURSION = YES;
				CLANG_WARN_INT_CONVERSION = YES;
				CLANG_WARN_NON_LITERAL_NULL_CONVERSION = YES;
				CLANG_WARN_OBJC_IMPLICIT_RETAIN_SELF = YES;
				CLANG_WARN_OBJC_LITERAL_CONVERSION = YES;
				CLANG_WARN_OBJC_ROOT_CLASS = YES_ERROR;
				CLANG_WARN_RANGE_LOOP_ANALYSIS = YES;
				CLANG_WARN_STRICT_PROTOTYPES = YES;
				CLANG_WARN_SUSPICIOUS_MOVE = YES;
				CLANG_WARN_UNGUARDED_AVAILABILITY = YES_AGGRESSIVE;
				CLANG_WARN_UNREACHABLE_CODE = YES;
				CLANG_WARN__DUPLICATE_METHOD_MATCH = YES;
				CODE_SIGN_IDENTITY = "iPhone Developer";
				COPY_PHASE_STRIP = NO;
				DEBUG_INFORMATION_FORMAT = dwarf;
				ENABLE_STRICT_OBJC_MSGSEND = YES;
				ENABLE_TESTABILITY = YES;
				GCC_C_LANGUAGE_STANDARD = gnu11;
				GCC_DYNAMIC_NO_PIC = NO;
				GCC_NO_COMMON_BLOCKS = YES;
				GCC_OPTIMIZATION_LEVEL = 0;
				GCC_PREPROCESSOR_DEFINITIONS = (
					"DEBUG=1",
					"$(inherited)",
				);
				GCC_WARN_64_TO_32_BIT_CONVERSION = YES;
				GCC_WARN_ABOUT_RETURN_TYPE = YES_ERROR;
				GCC_WARN_UNDECLARED_SELECTOR = YES;
				GCC_WARN_UNINITIALIZED_AUTOS = YES_AGGRESSIVE;
				GCC_WARN_UNUSED_FUNCTION = YES;
				GCC_WARN_UNUSED_VARIABLE = YES;
				IPHONEOS_DEPLOYMENT_TARGET = 11.3;
				MTL_ENABLE_DEBUG_INFO = YES;
				ONLY_ACTIVE_ARCH = YES;
				SDKROOT = iphoneos;
				SWIFT_ACTIVE_COMPILATION_CONDITIONS = DEBUG;
				SWIFT_OPTIMIZATION_LEVEL = "-Onone";
			};
			name = Debug;
		};
		B71F2E002086CDAA00F47274 /* Release */ = {
			isa = XCBuildConfiguration;
			buildSettings = {
				ALWAYS_SEARCH_USER_PATHS = NO;
				CLANG_ANALYZER_NONNULL = YES;
				CLANG_ANALYZER_NUMBER_OBJECT_CONVERSION = YES_AGGRESSIVE;
				CLANG_CXX_LANGUAGE_STANDARD = "gnu++14";
				CLANG_CXX_LIBRARY = "libc++";
				CLANG_ENABLE_MODULES = YES;
				CLANG_ENABLE_OBJC_ARC = YES;
				CLANG_ENABLE_OBJC_WEAK = YES;
				CLANG_WARN_BLOCK_CAPTURE_AUTORELEASING = YES;
				CLANG_WARN_BOOL_CONVERSION = YES;
				CLANG_WARN_COMMA = YES;
				CLANG_WARN_CONSTANT_CONVERSION = YES;
				CLANG_WARN_DEPRECATED_OBJC_IMPLEMENTATIONS = YES;
				CLANG_WARN_DIRECT_OBJC_ISA_USAGE = YES_ERROR;
				CLANG_WARN_DOCUMENTATION_COMMENTS = YES;
				CLANG_WARN_EMPTY_BODY = YES;
				CLANG_WARN_ENUM_CONVERSION = YES;
				CLANG_WARN_INFINITE_RECURSION = YES;
				CLANG_WARN_INT_CONVERSION = YES;
				CLANG_WARN_NON_LITERAL_NULL_CONVERSION = YES;
				CLANG_WARN_OBJC_IMPLICIT_RETAIN_SELF = YES;
				CLANG_WARN_OBJC_LITERAL_CONVERSION = YES;
				CLANG_WARN_OBJC_ROOT_CLASS = YES_ERROR;
				CLANG_WARN_RANGE_LOOP_ANALYSIS = YES;
				CLANG_WARN_STRICT_PROTOTYPES = YES;
				CLANG_WARN_SUSPICIOUS_MOVE = YES;
				CLANG_WARN_UNGUARDED_AVAILABILITY = YES_AGGRESSIVE;
				CLANG_WARN_UNREACHABLE_CODE = YES;
				CLANG_WARN__DUPLICATE_METHOD_MATCH = YES;
				CODE_SIGN_IDENTITY = "iPhone Developer";
				COPY_PHASE_STRIP = NO;
				DEBUG_INFORMATION_FORMAT = "dwarf-with-dsym";
				ENABLE_NS_ASSERTIONS = NO;
				ENABLE_STRICT_OBJC_MSGSEND = YES;
				GCC_C_LANGUAGE_STANDARD = gnu11;
				GCC_NO_COMMON_BLOCKS = YES;
				GCC_WARN_64_TO_32_BIT_CONVERSION = YES;
				GCC_WARN_ABOUT_RETURN_TYPE = YES_ERROR;
				GCC_WARN_UNDECLARED_SELECTOR = YES;
				GCC_WARN_UNINITIALIZED_AUTOS = YES_AGGRESSIVE;
				GCC_WARN_UNUSED_FUNCTION = YES;
				GCC_WARN_UNUSED_VARIABLE = YES;
				IPHONEOS_DEPLOYMENT_TARGET = 11.3;
				MTL_ENABLE_DEBUG_INFO = NO;
				SDKROOT = iphoneos;
				SWIFT_COMPILATION_MODE = wholemodule;
				SWIFT_OPTIMIZATION_LEVEL = "-O";
				VALIDATE_PRODUCT = YES;
			};
			name = Release;
		};
		B71F2E022086CDAA00F47274 /* Debug */ = {
			isa = XCBuildConfiguration;
			baseConfigurationReference = D08408BCF6BF9BC8856D9DC8 /* Pods-Spotbird.debug.xcconfig */;
			buildSettings = {
				ASSETCATALOG_COMPILER_APPICON_NAME = AppIcon;
				CLANG_ENABLE_MODULES = YES;
				CODE_SIGN_IDENTITY = "iPhone Developer";
				CODE_SIGN_STYLE = Automatic;
				COPY_HEADERS_RUN_UNIFDEF = NO;
				DEVELOPMENT_TEAM = V2WV5FGJH4;
				ENABLE_BITCODE = NO;
				HEADER_SEARCH_PATHS = (
					"$(inherited)/**",
					"${PODS_ROOT}/Firebase/CoreOnly/Sources",
					"\"${PODS_ROOT}/Headers/Public\"",
					"\"${PODS_ROOT}/Headers/Public/Firebase\"",
					"\"${PODS_ROOT}/Headers/Public/FirebaseAuthInterop\"",
				);
				INFOPLIST_FILE = Spotbirdparking/Info.plist;
				IPHONEOS_DEPLOYMENT_TARGET = 10.0;
				LD_RUNPATH_SEARCH_PATHS = (
					"$(inherited)",
					"@executable_path/Frameworks",
				);
				PRODUCT_BUNDLE_IDENTIFIER = com.spotbirdparking.spotbird;
				PRODUCT_NAME = "$(TARGET_NAME)";
				PROVISIONING_PROFILE_SPECIFIER = "";
				SWIFT_OBJC_BRIDGING_HEADER = "Spotbirdparking/Third_Partys/Spotbirdparking-Bridging-Header.h";
				SWIFT_OPTIMIZATION_LEVEL = "-Onone";
				SWIFT_VERSION = 4.0;
				TARGETED_DEVICE_FAMILY = "1,2";
				USER_HEADER_SEARCH_PATHS = (
					"$(inherited)/**",
					"${PODS_ROOT}/**",
					"\"${PODS_ROOT}/BuildHeaders\"/**",
				);
			};
			name = Debug;
		};
		B71F2E032086CDAA00F47274 /* Release */ = {
			isa = XCBuildConfiguration;
			baseConfigurationReference = DF0218389585B018109DC51B /* Pods-Spotbird.release.xcconfig */;
			buildSettings = {
				ASSETCATALOG_COMPILER_APPICON_NAME = AppIcon;
				CLANG_ENABLE_MODULES = YES;
				CODE_SIGN_IDENTITY = "iPhone Developer";
				CODE_SIGN_STYLE = Automatic;
				COPY_HEADERS_RUN_UNIFDEF = NO;
				DEVELOPMENT_TEAM = V2WV5FGJH4;
				ENABLE_BITCODE = NO;
				HEADER_SEARCH_PATHS = (
					"$(inherited)/**",
					"${PODS_ROOT}/Firebase/CoreOnly/Sources",
					"\"${PODS_ROOT}/Headers/Public\"",
					"\"${PODS_ROOT}/Headers/Public/Firebase\"",
					"\"${PODS_ROOT}/Headers/Public/FirebaseAuthInterop\"",
				);
				INFOPLIST_FILE = Spotbirdparking/Info.plist;
				IPHONEOS_DEPLOYMENT_TARGET = 10.0;
				LD_RUNPATH_SEARCH_PATHS = (
					"$(inherited)",
					"@executable_path/Frameworks",
				);
				PRODUCT_BUNDLE_IDENTIFIER = com.spotbirdparking.spotbird;
				PRODUCT_NAME = "$(TARGET_NAME)";
				PROVISIONING_PROFILE_SPECIFIER = "";
				SWIFT_OBJC_BRIDGING_HEADER = "Spotbirdparking/Third_Partys/Spotbirdparking-Bridging-Header.h";
				SWIFT_VERSION = 4.0;
				TARGETED_DEVICE_FAMILY = "1,2";
				USER_HEADER_SEARCH_PATHS = (
					"$(inherited)/**",
					"${PODS_ROOT}/**",
					"\"${PODS_ROOT}/BuildHeaders\"/**",
				);
			};
			name = Release;
		};
		B71F2E052086CDAA00F47274 /* Debug */ = {
			isa = XCBuildConfiguration;
			baseConfigurationReference = 67F2C00F8C7357DF52D64EF5 /* Pods-SpotbirdTests.debug.xcconfig */;
			buildSettings = {
				ALWAYS_EMBED_SWIFT_STANDARD_LIBRARIES = YES;
				BUNDLE_LOADER = "$(TEST_HOST)";
				CODE_SIGN_STYLE = Automatic;
				INFOPLIST_FILE = SpotbirdparkingTests/Info.plist;
				LD_RUNPATH_SEARCH_PATHS = (
					"$(inherited)",
					"@executable_path/Frameworks",
					"@loader_path/Frameworks",
				);
				PRODUCT_BUNDLE_IDENTIFIER = Spotbird.SpotbirdparkingTests;
				PRODUCT_NAME = "$(TARGET_NAME)";
				SWIFT_VERSION = 4.0;
				TARGETED_DEVICE_FAMILY = "1,2";
				TEST_HOST = "$(BUILT_PRODUCTS_DIR)/Spotbird.app/Spotbird";
			};
			name = Debug;
		};
		B71F2E062086CDAA00F47274 /* Release */ = {
			isa = XCBuildConfiguration;
			baseConfigurationReference = 7F1C546B9D9D5AD45B0FF4E8 /* Pods-SpotbirdTests.release.xcconfig */;
			buildSettings = {
				ALWAYS_EMBED_SWIFT_STANDARD_LIBRARIES = YES;
				BUNDLE_LOADER = "$(TEST_HOST)";
				CODE_SIGN_STYLE = Automatic;
				INFOPLIST_FILE = SpotbirdparkingTests/Info.plist;
				LD_RUNPATH_SEARCH_PATHS = (
					"$(inherited)",
					"@executable_path/Frameworks",
					"@loader_path/Frameworks",
				);
				PRODUCT_BUNDLE_IDENTIFIER = Spotbird.SpotbirdparkingTests;
				PRODUCT_NAME = "$(TARGET_NAME)";
				SWIFT_VERSION = 4.0;
				TARGETED_DEVICE_FAMILY = "1,2";
				TEST_HOST = "$(BUILT_PRODUCTS_DIR)/Spotbird.app/Spotbird";
			};
			name = Release;
		};
/* End XCBuildConfiguration section */

/* Begin XCConfigurationList section */
		B71F2DDD2086CDA700F47274 /* Build configuration list for PBXProject "Spotbird" */ = {
			isa = XCConfigurationList;
			buildConfigurations = (
				B71F2DFF2086CDAA00F47274 /* Debug */,
				B71F2E002086CDAA00F47274 /* Release */,
			);
			defaultConfigurationIsVisible = 0;
			defaultConfigurationName = Release;
		};
		B71F2E012086CDAA00F47274 /* Build configuration list for PBXNativeTarget "Spotbird" */ = {
			isa = XCConfigurationList;
			buildConfigurations = (
				B71F2E022086CDAA00F47274 /* Debug */,
				B71F2E032086CDAA00F47274 /* Release */,
			);
			defaultConfigurationIsVisible = 0;
			defaultConfigurationName = Release;
		};
		B71F2E042086CDAA00F47274 /* Build configuration list for PBXNativeTarget "SpotbirdTests" */ = {
			isa = XCConfigurationList;
			buildConfigurations = (
				B71F2E052086CDAA00F47274 /* Debug */,
				B71F2E062086CDAA00F47274 /* Release */,
			);
			defaultConfigurationIsVisible = 0;
			defaultConfigurationName = Release;
		};
/* End XCConfigurationList section */
	};
	rootObject = B71F2DDA2086CDA700F47274 /* Project object */;
}
