// !$*UTF8*$!
{
	archiveVersion = 1;
	classes = {
	};
	objectVersion = 50;
	objects = {

/* Begin PBXBuildFile section */
		5FF0A639CF1B4D96F7FBA93E /* Pods_Spotbirdparking.framework in Frameworks */ = {isa = PBXBuildFile; fileRef = 004FEE7D57FACF9250B89078 /* Pods_Spotbirdparking.framework */; };
		B7141A4D20ED1DAF005B54D3 /* MyAPIClient.swift in Sources */ = {isa = PBXBuildFile; fileRef = B7141A4C20ED1DAF005B54D3 /* MyAPIClient.swift */; };
		B71F2DE62086CDA800F47274 /* AppDelegate.swift in Sources */ = {isa = PBXBuildFile; fileRef = B71F2DE52086CDA800F47274 /* AppDelegate.swift */; };
		B71F2DE82086CDA800F47274 /* FirstViewController.swift in Sources */ = {isa = PBXBuildFile; fileRef = B71F2DE72086CDA800F47274 /* FirstViewController.swift */; };
		B71F2DED2086CDA800F47274 /* Main.storyboard in Resources */ = {isa = PBXBuildFile; fileRef = B71F2DEB2086CDA800F47274 /* Main.storyboard */; };
		B71F2DEF2086CDAA00F47274 /* Assets.xcassets in Resources */ = {isa = PBXBuildFile; fileRef = B71F2DEE2086CDAA00F47274 /* Assets.xcassets */; };
		B71F2DF22086CDAA00F47274 /* LaunchScreen.storyboard in Resources */ = {isa = PBXBuildFile; fileRef = B71F2DF02086CDAA00F47274 /* LaunchScreen.storyboard */; };
		B71F2DFD2086CDAA00F47274 /* SpotbirdparkingTests.swift in Sources */ = {isa = PBXBuildFile; fileRef = B71F2DFC2086CDAA00F47274 /* SpotbirdparkingTests.swift */; };
		B72D8BE420D0B6BE0038310F /* CheckBox.swift in Sources */ = {isa = PBXBuildFile; fileRef = B72D8BE320D0B6BE0038310F /* CheckBox.swift */; };
		B7364D0620B65B390081F40F /* ProfileTableOption.swift in Sources */ = {isa = PBXBuildFile; fileRef = B7364D0520B65B390081F40F /* ProfileTableOption.swift */; };
		B7364D0820B65F120081F40F /* ProfileTableViewController.swift in Sources */ = {isa = PBXBuildFile; fileRef = B7364D0720B65F120081F40F /* ProfileTableViewController.swift */; };
		B75AE7B920C496B40069A151 /* CarsTableViewCell.swift in Sources */ = {isa = PBXBuildFile; fileRef = B75AE7B820C496B40069A151 /* CarsTableViewCell.swift */; };
		B75AE7BB20C4B63D0069A151 /* CarsDefinitionViewController.swift in Sources */ = {isa = PBXBuildFile; fileRef = B75AE7BA20C4B63D0069A151 /* CarsDefinitionViewController.swift */; };
		B7A86B4B20C0E9DB00041C61 /* Car.swift in Sources */ = {isa = PBXBuildFile; fileRef = B7A86B4A20C0E9DB00041C61 /* Car.swift */; };
		B7B67FE320C34A7400A13FD0 /* CarsViewController.swift in Sources */ = {isa = PBXBuildFile; fileRef = B7B67FE220C34A7400A13FD0 /* CarsViewController.swift */; };
		B7CF24F120BCBB3000722933 /* YouViewController.swift in Sources */ = {isa = PBXBuildFile; fileRef = B7CF24F020BCBB3000722933 /* YouViewController.swift */; };
		BBA6049CE74020DC683BC5B6 /* Pods_SpotbirdparkingTests.framework in Frameworks */ = {isa = PBXBuildFile; fileRef = 3DAF59DF2ADFBA1A8A49A61F /* Pods_SpotbirdparkingTests.framework */; };
/* End PBXBuildFile section */

/* Begin PBXContainerItemProxy section */
		B71F2DF92086CDAA00F47274 /* PBXContainerItemProxy */ = {
			isa = PBXContainerItemProxy;
			containerPortal = B71F2DDA2086CDA700F47274 /* Project object */;
			proxyType = 1;
			remoteGlobalIDString = B71F2DE12086CDA800F47274;
			remoteInfo = Spotbirdparking;
		};
/* End PBXContainerItemProxy section */

/* Begin PBXFileReference section */
		004FEE7D57FACF9250B89078 /* Pods_Spotbirdparking.framework */ = {isa = PBXFileReference; explicitFileType = wrapper.framework; includeInIndex = 0; path = Pods_Spotbirdparking.framework; sourceTree = BUILT_PRODUCTS_DIR; };
		0E75364D0721806783610271 /* Pods-SpotbirdparkingTests.release.xcconfig */ = {isa = PBXFileReference; includeInIndex = 1; lastKnownFileType = text.xcconfig; name = "Pods-SpotbirdparkingTests.release.xcconfig"; path = "Pods/Target Support Files/Pods-SpotbirdparkingTests/Pods-SpotbirdparkingTests.release.xcconfig"; sourceTree = "<group>"; };
		3DAF59DF2ADFBA1A8A49A61F /* Pods_SpotbirdparkingTests.framework */ = {isa = PBXFileReference; explicitFileType = wrapper.framework; includeInIndex = 0; path = Pods_SpotbirdparkingTests.framework; sourceTree = BUILT_PRODUCTS_DIR; };
		531BC5D2A3103854A71A1723 /* Pods-SpotbirdparkingTests.debug.xcconfig */ = {isa = PBXFileReference; includeInIndex = 1; lastKnownFileType = text.xcconfig; name = "Pods-SpotbirdparkingTests.debug.xcconfig"; path = "Pods/Target Support Files/Pods-SpotbirdparkingTests/Pods-SpotbirdparkingTests.debug.xcconfig"; sourceTree = "<group>"; };
		96BF38230272878D1241525C /* Pods-Spotbirdparking.release.xcconfig */ = {isa = PBXFileReference; includeInIndex = 1; lastKnownFileType = text.xcconfig; name = "Pods-Spotbirdparking.release.xcconfig"; path = "Pods/Target Support Files/Pods-Spotbirdparking/Pods-Spotbirdparking.release.xcconfig"; sourceTree = "<group>"; };
		A2E9D3CDA1B39711BA0D6344 /* Pods-Spotbirdparking.debug.xcconfig */ = {isa = PBXFileReference; includeInIndex = 1; lastKnownFileType = text.xcconfig; name = "Pods-Spotbirdparking.debug.xcconfig"; path = "Pods/Target Support Files/Pods-Spotbirdparking/Pods-Spotbirdparking.debug.xcconfig"; sourceTree = "<group>"; };
		B7141A4C20ED1DAF005B54D3 /* MyAPIClient.swift */ = {isa = PBXFileReference; lastKnownFileType = sourcecode.swift; path = MyAPIClient.swift; sourceTree = "<group>"; };
		B71F2DE22086CDA800F47274 /* Spotbirdparking.app */ = {isa = PBXFileReference; explicitFileType = wrapper.application; includeInIndex = 0; path = Spotbirdparking.app; sourceTree = BUILT_PRODUCTS_DIR; };
		B71F2DE52086CDA800F47274 /* AppDelegate.swift */ = {isa = PBXFileReference; lastKnownFileType = sourcecode.swift; path = AppDelegate.swift; sourceTree = "<group>"; };
		B71F2DE72086CDA800F47274 /* FirstViewController.swift */ = {isa = PBXFileReference; lastKnownFileType = sourcecode.swift; path = FirstViewController.swift; sourceTree = "<group>"; };
		B71F2DEC2086CDA800F47274 /* Base */ = {isa = PBXFileReference; lastKnownFileType = file.storyboard; name = Base; path = Base.lproj/Main.storyboard; sourceTree = "<group>"; };
		B71F2DEE2086CDAA00F47274 /* Assets.xcassets */ = {isa = PBXFileReference; lastKnownFileType = folder.assetcatalog; path = Assets.xcassets; sourceTree = "<group>"; };
		B71F2DF12086CDAA00F47274 /* Base */ = {isa = PBXFileReference; lastKnownFileType = file.storyboard; name = Base; path = Base.lproj/LaunchScreen.storyboard; sourceTree = "<group>"; };
		B71F2DF32086CDAA00F47274 /* Info.plist */ = {isa = PBXFileReference; lastKnownFileType = text.plist.xml; path = Info.plist; sourceTree = "<group>"; };
		B71F2DF82086CDAA00F47274 /* SpotbirdparkingTests.xctest */ = {isa = PBXFileReference; explicitFileType = wrapper.cfbundle; includeInIndex = 0; path = SpotbirdparkingTests.xctest; sourceTree = BUILT_PRODUCTS_DIR; };
		B71F2DFC2086CDAA00F47274 /* SpotbirdparkingTests.swift */ = {isa = PBXFileReference; lastKnownFileType = sourcecode.swift; path = SpotbirdparkingTests.swift; sourceTree = "<group>"; };
		B71F2DFE2086CDAA00F47274 /* Info.plist */ = {isa = PBXFileReference; lastKnownFileType = text.plist.xml; path = Info.plist; sourceTree = "<group>"; };
		B72D8BE320D0B6BE0038310F /* CheckBox.swift */ = {isa = PBXFileReference; lastKnownFileType = sourcecode.swift; path = CheckBox.swift; sourceTree = "<group>"; };
		B7364D0520B65B390081F40F /* ProfileTableOption.swift */ = {isa = PBXFileReference; lastKnownFileType = sourcecode.swift; path = ProfileTableOption.swift; sourceTree = "<group>"; };
		B7364D0720B65F120081F40F /* ProfileTableViewController.swift */ = {isa = PBXFileReference; lastKnownFileType = sourcecode.swift; path = ProfileTableViewController.swift; sourceTree = "<group>"; };
		B75AE7B820C496B40069A151 /* CarsTableViewCell.swift */ = {isa = PBXFileReference; lastKnownFileType = sourcecode.swift; path = CarsTableViewCell.swift; sourceTree = "<group>"; };
		B75AE7BA20C4B63D0069A151 /* CarsDefinitionViewController.swift */ = {isa = PBXFileReference; lastKnownFileType = sourcecode.swift; path = CarsDefinitionViewController.swift; sourceTree = "<group>"; };
		B7A86B4A20C0E9DB00041C61 /* Car.swift */ = {isa = PBXFileReference; lastKnownFileType = sourcecode.swift; path = Car.swift; sourceTree = "<group>"; };
		B7B67FE220C34A7400A13FD0 /* CarsViewController.swift */ = {isa = PBXFileReference; lastKnownFileType = sourcecode.swift; path = CarsViewController.swift; sourceTree = "<group>"; };
		B7CF24F020BCBB3000722933 /* YouViewController.swift */ = {isa = PBXFileReference; lastKnownFileType = sourcecode.swift; path = YouViewController.swift; sourceTree = "<group>"; };
/* End PBXFileReference section */

/* Begin PBXFrameworksBuildPhase section */
		B71F2DDF2086CDA800F47274 /* Frameworks */ = {
			isa = PBXFrameworksBuildPhase;
			buildActionMask = 2147483647;
			files = (
				5FF0A639CF1B4D96F7FBA93E /* Pods_Spotbirdparking.framework in Frameworks */,
			);
			runOnlyForDeploymentPostprocessing = 0;
		};
		B71F2DF52086CDAA00F47274 /* Frameworks */ = {
			isa = PBXFrameworksBuildPhase;
			buildActionMask = 2147483647;
			files = (
				BBA6049CE74020DC683BC5B6 /* Pods_SpotbirdparkingTests.framework in Frameworks */,
			);
			runOnlyForDeploymentPostprocessing = 0;
		};
/* End PBXFrameworksBuildPhase section */

/* Begin PBXGroup section */
		3E614DC8E61FBFDA7C188CE5 /* Pods */ = {
			isa = PBXGroup;
			children = (
				A2E9D3CDA1B39711BA0D6344 /* Pods-Spotbirdparking.debug.xcconfig */,
				96BF38230272878D1241525C /* Pods-Spotbirdparking.release.xcconfig */,
				531BC5D2A3103854A71A1723 /* Pods-SpotbirdparkingTests.debug.xcconfig */,
				0E75364D0721806783610271 /* Pods-SpotbirdparkingTests.release.xcconfig */,
			);
			name = Pods;
			sourceTree = "<group>";
		};
		B71F2DD92086CDA700F47274 = {
			isa = PBXGroup;
			children = (
				B71F2DE42086CDA800F47274 /* Spotbirdparking */,
				B71F2DFB2086CDAA00F47274 /* SpotbirdparkingTests */,
				B71F2DE32086CDA800F47274 /* Products */,
				3E614DC8E61FBFDA7C188CE5 /* Pods */,
				BB81449C832F6316AD50E70D /* Frameworks */,
			);
			sourceTree = "<group>";
		};
		B71F2DE32086CDA800F47274 /* Products */ = {
			isa = PBXGroup;
			children = (
				B71F2DE22086CDA800F47274 /* Spotbirdparking.app */,
				B71F2DF82086CDAA00F47274 /* SpotbirdparkingTests.xctest */,
			);
			name = Products;
			sourceTree = "<group>";
		};
		B71F2DE42086CDA800F47274 /* Spotbirdparking */ = {
			isa = PBXGroup;
			children = (
				B71F2DE52086CDA800F47274 /* AppDelegate.swift */,
				B7141A4C20ED1DAF005B54D3 /* MyAPIClient.swift */,
				B71F2DE72086CDA800F47274 /* FirstViewController.swift */,
				B7364D0520B65B390081F40F /* ProfileTableOption.swift */,
				B7364D0720B65F120081F40F /* ProfileTableViewController.swift */,
				B7CF24F020BCBB3000722933 /* YouViewController.swift */,
				B7B67FE220C34A7400A13FD0 /* CarsViewController.swift */,
				B75AE7BA20C4B63D0069A151 /* CarsDefinitionViewController.swift */,
				B75AE7B820C496B40069A151 /* CarsTableViewCell.swift */,
				B7A86B4A20C0E9DB00041C61 /* Car.swift */,
				B72D8BE320D0B6BE0038310F /* CheckBox.swift */,
				B71F2DEB2086CDA800F47274 /* Main.storyboard */,
				B71F2DEE2086CDAA00F47274 /* Assets.xcassets */,
				B71F2DF02086CDAA00F47274 /* LaunchScreen.storyboard */,
				B71F2DF32086CDAA00F47274 /* Info.plist */,
			);
			path = Spotbirdparking;
			sourceTree = "<group>";
		};
		B71F2DFB2086CDAA00F47274 /* SpotbirdparkingTests */ = {
			isa = PBXGroup;
			children = (
				B71F2DFC2086CDAA00F47274 /* SpotbirdparkingTests.swift */,
				B71F2DFE2086CDAA00F47274 /* Info.plist */,
			);
			path = SpotbirdparkingTests;
			sourceTree = "<group>";
		};
		BB81449C832F6316AD50E70D /* Frameworks */ = {
			isa = PBXGroup;
			children = (
				004FEE7D57FACF9250B89078 /* Pods_Spotbirdparking.framework */,
				3DAF59DF2ADFBA1A8A49A61F /* Pods_SpotbirdparkingTests.framework */,
			);
			name = Frameworks;
			sourceTree = "<group>";
		};
/* End PBXGroup section */

/* Begin PBXNativeTarget section */
		B71F2DE12086CDA800F47274 /* Spotbirdparking */ = {
			isa = PBXNativeTarget;
			buildConfigurationList = B71F2E012086CDAA00F47274 /* Build configuration list for PBXNativeTarget "Spotbirdparking" */;
			buildPhases = (
				B5FFF8283993428310063445 /* [CP] Check Pods Manifest.lock */,
				B71F2DDE2086CDA800F47274 /* Sources */,
				B71F2DDF2086CDA800F47274 /* Frameworks */,
				B71F2DE02086CDA800F47274 /* Resources */,
				8D3253518431BC6C297075CD /* [CP] Embed Pods Frameworks */,
			);
			buildRules = (
			);
			dependencies = (
			);
			name = Spotbirdparking;
			productName = Spotbirdparking;
			productReference = B71F2DE22086CDA800F47274 /* Spotbirdparking.app */;
			productType = "com.apple.product-type.application";
		};
		B71F2DF72086CDAA00F47274 /* SpotbirdparkingTests */ = {
			isa = PBXNativeTarget;
			buildConfigurationList = B71F2E042086CDAA00F47274 /* Build configuration list for PBXNativeTarget "SpotbirdparkingTests" */;
			buildPhases = (
				CBB3CCC79A38DA5B7BA1643F /* [CP] Check Pods Manifest.lock */,
				B71F2DF42086CDAA00F47274 /* Sources */,
				B71F2DF52086CDAA00F47274 /* Frameworks */,
				B71F2DF62086CDAA00F47274 /* Resources */,
			);
			buildRules = (
			);
			dependencies = (
				B71F2DFA2086CDAA00F47274 /* PBXTargetDependency */,
			);
			name = SpotbirdparkingTests;
			productName = SpotbirdparkingTests;
			productReference = B71F2DF82086CDAA00F47274 /* SpotbirdparkingTests.xctest */;
			productType = "com.apple.product-type.bundle.unit-test";
		};
/* End PBXNativeTarget section */

/* Begin PBXProject section */
		B71F2DDA2086CDA700F47274 /* Project object */ = {
			isa = PBXProject;
			attributes = {
				LastSwiftUpdateCheck = 0930;
				LastUpgradeCheck = 0930;
				ORGANIZATIONNAME = Spotbird;
				TargetAttributes = {
					B71F2DE12086CDA800F47274 = {
						CreatedOnToolsVersion = 9.3;
					};
					B71F2DF72086CDAA00F47274 = {
						CreatedOnToolsVersion = 9.3;
						TestTargetID = B71F2DE12086CDA800F47274;
					};
				};
			};
			buildConfigurationList = B71F2DDD2086CDA700F47274 /* Build configuration list for PBXProject "Spotbirdparking" */;
			compatibilityVersion = "Xcode 9.3";
			developmentRegion = en;
			hasScannedForEncodings = 0;
			knownRegions = (
				en,
				Base,
			);
			mainGroup = B71F2DD92086CDA700F47274;
			productRefGroup = B71F2DE32086CDA800F47274 /* Products */;
			projectDirPath = "";
			projectRoot = "";
			targets = (
				B71F2DE12086CDA800F47274 /* Spotbirdparking */,
				B71F2DF72086CDAA00F47274 /* SpotbirdparkingTests */,
			);
		};
/* End PBXProject section */

/* Begin PBXResourcesBuildPhase section */
		B71F2DE02086CDA800F47274 /* Resources */ = {
			isa = PBXResourcesBuildPhase;
			buildActionMask = 2147483647;
			files = (
				B71F2DF22086CDAA00F47274 /* LaunchScreen.storyboard in Resources */,
				B71F2DEF2086CDAA00F47274 /* Assets.xcassets in Resources */,
				B71F2DED2086CDA800F47274 /* Main.storyboard in Resources */,
			);
			runOnlyForDeploymentPostprocessing = 0;
		};
		B71F2DF62086CDAA00F47274 /* Resources */ = {
			isa = PBXResourcesBuildPhase;
			buildActionMask = 2147483647;
			files = (
			);
			runOnlyForDeploymentPostprocessing = 0;
		};
/* End PBXResourcesBuildPhase section */

/* Begin PBXShellScriptBuildPhase section */
		8D3253518431BC6C297075CD /* [CP] Embed Pods Frameworks */ = {
			isa = PBXShellScriptBuildPhase;
			buildActionMask = 2147483647;
			files = (
			);
			inputPaths = (
				"${SRCROOT}/Pods/Target Support Files/Pods-Spotbirdparking/Pods-Spotbirdparking-frameworks.sh",
				"${BUILT_PRODUCTS_DIR}/Alamofire/Alamofire.framework",
				"${BUILT_PRODUCTS_DIR}/Stripe/Stripe.framework",
			);
			name = "[CP] Embed Pods Frameworks";
			outputPaths = (
				"${TARGET_BUILD_DIR}/${FRAMEWORKS_FOLDER_PATH}/Alamofire.framework",
				"${TARGET_BUILD_DIR}/${FRAMEWORKS_FOLDER_PATH}/Stripe.framework",
			);
			runOnlyForDeploymentPostprocessing = 0;
			shellPath = /bin/sh;
			shellScript = "\"${SRCROOT}/Pods/Target Support Files/Pods-Spotbirdparking/Pods-Spotbirdparking-frameworks.sh\"\n";
			showEnvVarsInLog = 0;
		};
		B5FFF8283993428310063445 /* [CP] Check Pods Manifest.lock */ = {
			isa = PBXShellScriptBuildPhase;
			buildActionMask = 2147483647;
			files = (
			);
			inputPaths = (
				"${PODS_PODFILE_DIR_PATH}/Podfile.lock",
				"${PODS_ROOT}/Manifest.lock",
			);
			name = "[CP] Check Pods Manifest.lock";
			outputPaths = (
				"$(DERIVED_FILE_DIR)/Pods-Spotbirdparking-checkManifestLockResult.txt",
			);
			runOnlyForDeploymentPostprocessing = 0;
			shellPath = /bin/sh;
			shellScript = "diff \"${PODS_PODFILE_DIR_PATH}/Podfile.lock\" \"${PODS_ROOT}/Manifest.lock\" > /dev/null\nif [ $? != 0 ] ; then\n    # print error to STDERR\n    echo \"error: The sandbox is not in sync with the Podfile.lock. Run 'pod install' or update your CocoaPods installation.\" >&2\n    exit 1\nfi\n# This output is used by Xcode 'outputs' to avoid re-running this script phase.\necho \"SUCCESS\" > \"${SCRIPT_OUTPUT_FILE_0}\"\n";
			showEnvVarsInLog = 0;
		};
		CBB3CCC79A38DA5B7BA1643F /* [CP] Check Pods Manifest.lock */ = {
			isa = PBXShellScriptBuildPhase;
			buildActionMask = 2147483647;
			files = (
			);
			inputPaths = (
				"${PODS_PODFILE_DIR_PATH}/Podfile.lock",
				"${PODS_ROOT}/Manifest.lock",
			);
			name = "[CP] Check Pods Manifest.lock";
			outputPaths = (
				"$(DERIVED_FILE_DIR)/Pods-SpotbirdparkingTests-checkManifestLockResult.txt",
			);
			runOnlyForDeploymentPostprocessing = 0;
			shellPath = /bin/sh;
			shellScript = "diff \"${PODS_PODFILE_DIR_PATH}/Podfile.lock\" \"${PODS_ROOT}/Manifest.lock\" > /dev/null\nif [ $? != 0 ] ; then\n    # print error to STDERR\n    echo \"error: The sandbox is not in sync with the Podfile.lock. Run 'pod install' or update your CocoaPods installation.\" >&2\n    exit 1\nfi\n# This output is used by Xcode 'outputs' to avoid re-running this script phase.\necho \"SUCCESS\" > \"${SCRIPT_OUTPUT_FILE_0}\"\n";
			showEnvVarsInLog = 0;
		};
/* End PBXShellScriptBuildPhase section */

/* Begin PBXSourcesBuildPhase section */
		B71F2DDE2086CDA800F47274 /* Sources */ = {
			isa = PBXSourcesBuildPhase;
			buildActionMask = 2147483647;
			files = (
				B71F2DE62086CDA800F47274 /* AppDelegate.swift in Sources */,
				B75AE7BB20C4B63D0069A151 /* CarsDefinitionViewController.swift in Sources */,
				B7364D0620B65B390081F40F /* ProfileTableOption.swift in Sources */,
				B7A86B4B20C0E9DB00041C61 /* Car.swift in Sources */,
				B72D8BE420D0B6BE0038310F /* CheckBox.swift in Sources */,
				B7364D0820B65F120081F40F /* ProfileTableViewController.swift in Sources */,
				B71F2DE82086CDA800F47274 /* FirstViewController.swift in Sources */,
				B7CF24F120BCBB3000722933 /* YouViewController.swift in Sources */,
				B75AE7B920C496B40069A151 /* CarsTableViewCell.swift in Sources */,
				B7141A4D20ED1DAF005B54D3 /* MyAPIClient.swift in Sources */,
				B7B67FE320C34A7400A13FD0 /* CarsViewController.swift in Sources */,
			);
			runOnlyForDeploymentPostprocessing = 0;
		};
		B71F2DF42086CDAA00F47274 /* Sources */ = {
			isa = PBXSourcesBuildPhase;
			buildActionMask = 2147483647;
			files = (
				B71F2DFD2086CDAA00F47274 /* SpotbirdparkingTests.swift in Sources */,
			);
			runOnlyForDeploymentPostprocessing = 0;
		};
/* End PBXSourcesBuildPhase section */

/* Begin PBXTargetDependency section */
		B71F2DFA2086CDAA00F47274 /* PBXTargetDependency */ = {
			isa = PBXTargetDependency;
			target = B71F2DE12086CDA800F47274 /* Spotbirdparking */;
			targetProxy = B71F2DF92086CDAA00F47274 /* PBXContainerItemProxy */;
		};
/* End PBXTargetDependency section */

/* Begin PBXVariantGroup section */
		B71F2DEB2086CDA800F47274 /* Main.storyboard */ = {
			isa = PBXVariantGroup;
			children = (
				B71F2DEC2086CDA800F47274 /* Base */,
			);
			name = Main.storyboard;
			sourceTree = "<group>";
		};
		B71F2DF02086CDAA00F47274 /* LaunchScreen.storyboard */ = {
			isa = PBXVariantGroup;
			children = (
				B71F2DF12086CDAA00F47274 /* Base */,
			);
			name = LaunchScreen.storyboard;
			sourceTree = "<group>";
		};
/* End PBXVariantGroup section */

/* Begin XCBuildConfiguration section */
		B71F2DFF2086CDAA00F47274 /* Debug */ = {
			isa = XCBuildConfiguration;
			buildSettings = {
				ALWAYS_SEARCH_USER_PATHS = NO;
				CLANG_ANALYZER_NONNULL = YES;
				CLANG_ANALYZER_NUMBER_OBJECT_CONVERSION = YES_AGGRESSIVE;
				CLANG_CXX_LANGUAGE_STANDARD = "gnu++14";
				CLANG_CXX_LIBRARY = "libc++";
				CLANG_ENABLE_MODULES = YES;
				CLANG_ENABLE_OBJC_ARC = YES;
				CLANG_ENABLE_OBJC_WEAK = YES;
				CLANG_WARN_BLOCK_CAPTURE_AUTORELEASING = YES;
				CLANG_WARN_BOOL_CONVERSION = YES;
				CLANG_WARN_COMMA = YES;
				CLANG_WARN_CONSTANT_CONVERSION = YES;
				CLANG_WARN_DEPRECATED_OBJC_IMPLEMENTATIONS = YES;
				CLANG_WARN_DIRECT_OBJC_ISA_USAGE = YES_ERROR;
				CLANG_WARN_DOCUMENTATION_COMMENTS = YES;
				CLANG_WARN_EMPTY_BODY = YES;
				CLANG_WARN_ENUM_CONVERSION = YES;
				CLANG_WARN_INFINITE_RECURSION = YES;
				CLANG_WARN_INT_CONVERSION = YES;
				CLANG_WARN_NON_LITERAL_NULL_CONVERSION = YES;
				CLANG_WARN_OBJC_IMPLICIT_RETAIN_SELF = YES;
				CLANG_WARN_OBJC_LITERAL_CONVERSION = YES;
				CLANG_WARN_OBJC_ROOT_CLASS = YES_ERROR;
				CLANG_WARN_RANGE_LOOP_ANALYSIS = YES;
				CLANG_WARN_STRICT_PROTOTYPES = YES;
				CLANG_WARN_SUSPICIOUS_MOVE = YES;
				CLANG_WARN_UNGUARDED_AVAILABILITY = YES_AGGRESSIVE;
				CLANG_WARN_UNREACHABLE_CODE = YES;
				CLANG_WARN__DUPLICATE_METHOD_MATCH = YES;
				CODE_SIGN_IDENTITY = "iPhone Developer";
				COPY_PHASE_STRIP = NO;
				DEBUG_INFORMATION_FORMAT = dwarf;
				ENABLE_STRICT_OBJC_MSGSEND = YES;
				ENABLE_TESTABILITY = YES;
				GCC_C_LANGUAGE_STANDARD = gnu11;
				GCC_DYNAMIC_NO_PIC = NO;
				GCC_NO_COMMON_BLOCKS = YES;
				GCC_OPTIMIZATION_LEVEL = 0;
				GCC_PREPROCESSOR_DEFINITIONS = (
					"DEBUG=1",
					"$(inherited)",
				);
				GCC_WARN_64_TO_32_BIT_CONVERSION = YES;
				GCC_WARN_ABOUT_RETURN_TYPE = YES_ERROR;
				GCC_WARN_UNDECLARED_SELECTOR = YES;
				GCC_WARN_UNINITIALIZED_AUTOS = YES_AGGRESSIVE;
				GCC_WARN_UNUSED_FUNCTION = YES;
				GCC_WARN_UNUSED_VARIABLE = YES;
				IPHONEOS_DEPLOYMENT_TARGET = 11.3;
				MTL_ENABLE_DEBUG_INFO = YES;
				ONLY_ACTIVE_ARCH = YES;
				SDKROOT = iphoneos;
				SWIFT_ACTIVE_COMPILATION_CONDITIONS = DEBUG;
				SWIFT_OPTIMIZATION_LEVEL = "-Onone";
			};
			name = Debug;
		};
		B71F2E002086CDAA00F47274 /* Release */ = {
			isa = XCBuildConfiguration;
			buildSettings = {
				ALWAYS_SEARCH_USER_PATHS = NO;
				CLANG_ANALYZER_NONNULL = YES;
				CLANG_ANALYZER_NUMBER_OBJECT_CONVERSION = YES_AGGRESSIVE;
				CLANG_CXX_LANGUAGE_STANDARD = "gnu++14";
				CLANG_CXX_LIBRARY = "libc++";
				CLANG_ENABLE_MODULES = YES;
				CLANG_ENABLE_OBJC_ARC = YES;
				CLANG_ENABLE_OBJC_WEAK = YES;
				CLANG_WARN_BLOCK_CAPTURE_AUTORELEASING = YES;
				CLANG_WARN_BOOL_CONVERSION = YES;
				CLANG_WARN_COMMA = YES;
				CLANG_WARN_CONSTANT_CONVERSION = YES;
				CLANG_WARN_DEPRECATED_OBJC_IMPLEMENTATIONS = YES;
				CLANG_WARN_DIRECT_OBJC_ISA_USAGE = YES_ERROR;
				CLANG_WARN_DOCUMENTATION_COMMENTS = YES;
				CLANG_WARN_EMPTY_BODY = YES;
				CLANG_WARN_ENUM_CONVERSION = YES;
				CLANG_WARN_INFINITE_RECURSION = YES;
				CLANG_WARN_INT_CONVERSION = YES;
				CLANG_WARN_NON_LITERAL_NULL_CONVERSION = YES;
				CLANG_WARN_OBJC_IMPLICIT_RETAIN_SELF = YES;
				CLANG_WARN_OBJC_LITERAL_CONVERSION = YES;
				CLANG_WARN_OBJC_ROOT_CLASS = YES_ERROR;
				CLANG_WARN_RANGE_LOOP_ANALYSIS = YES;
				CLANG_WARN_STRICT_PROTOTYPES = YES;
				CLANG_WARN_SUSPICIOUS_MOVE = YES;
				CLANG_WARN_UNGUARDED_AVAILABILITY = YES_AGGRESSIVE;
				CLANG_WARN_UNREACHABLE_CODE = YES;
				CLANG_WARN__DUPLICATE_METHOD_MATCH = YES;
				CODE_SIGN_IDENTITY = "iPhone Developer";
				COPY_PHASE_STRIP = NO;
				DEBUG_INFORMATION_FORMAT = "dwarf-with-dsym";
				ENABLE_NS_ASSERTIONS = NO;
				ENABLE_STRICT_OBJC_MSGSEND = YES;
				GCC_C_LANGUAGE_STANDARD = gnu11;
				GCC_NO_COMMON_BLOCKS = YES;
				GCC_WARN_64_TO_32_BIT_CONVERSION = YES;
				GCC_WARN_ABOUT_RETURN_TYPE = YES_ERROR;
				GCC_WARN_UNDECLARED_SELECTOR = YES;
				GCC_WARN_UNINITIALIZED_AUTOS = YES_AGGRESSIVE;
				GCC_WARN_UNUSED_FUNCTION = YES;
				GCC_WARN_UNUSED_VARIABLE = YES;
				IPHONEOS_DEPLOYMENT_TARGET = 11.3;
				MTL_ENABLE_DEBUG_INFO = NO;
				SDKROOT = iphoneos;
				SWIFT_COMPILATION_MODE = wholemodule;
				SWIFT_OPTIMIZATION_LEVEL = "-O";
				VALIDATE_PRODUCT = YES;
			};
			name = Release;
		};
		B71F2E022086CDAA00F47274 /* Debug */ = {
			isa = XCBuildConfiguration;
			baseConfigurationReference = A2E9D3CDA1B39711BA0D6344 /* Pods-Spotbirdparking.debug.xcconfig */;
			buildSettings = {
				ASSETCATALOG_COMPILER_APPICON_NAME = AppIcon;
				CODE_SIGN_STYLE = Automatic;
				INFOPLIST_FILE = Spotbirdparking/Info.plist;
				LD_RUNPATH_SEARCH_PATHS = (
					"$(inherited)",
					"@executable_path/Frameworks",
				);
				PRODUCT_BUNDLE_IDENTIFIER = Spotbird.Spotbirdparking;
				PRODUCT_NAME = "$(TARGET_NAME)";
				SWIFT_VERSION = 4.0;
				TARGETED_DEVICE_FAMILY = "1,2";
			};
			name = Debug;
		};
		B71F2E032086CDAA00F47274 /* Release */ = {
			isa = XCBuildConfiguration;
			baseConfigurationReference = 96BF38230272878D1241525C /* Pods-Spotbirdparking.release.xcconfig */;
			buildSettings = {
				ASSETCATALOG_COMPILER_APPICON_NAME = AppIcon;
				CODE_SIGN_STYLE = Automatic;
				INFOPLIST_FILE = Spotbirdparking/Info.plist;
				LD_RUNPATH_SEARCH_PATHS = (
					"$(inherited)",
					"@executable_path/Frameworks",
				);
				PRODUCT_BUNDLE_IDENTIFIER = Spotbird.Spotbirdparking;
				PRODUCT_NAME = "$(TARGET_NAME)";
				SWIFT_VERSION = 4.0;
				TARGETED_DEVICE_FAMILY = "1,2";
			};
			name = Release;
		};
		B71F2E052086CDAA00F47274 /* Debug */ = {
			isa = XCBuildConfiguration;
			baseConfigurationReference = 531BC5D2A3103854A71A1723 /* Pods-SpotbirdparkingTests.debug.xcconfig */;
			buildSettings = {
				ALWAYS_EMBED_SWIFT_STANDARD_LIBRARIES = YES;
				BUNDLE_LOADER = "$(TEST_HOST)";
				CODE_SIGN_STYLE = Automatic;
				INFOPLIST_FILE = SpotbirdparkingTests/Info.plist;
				LD_RUNPATH_SEARCH_PATHS = (
					"$(inherited)",
					"@executable_path/Frameworks",
					"@loader_path/Frameworks",
				);
				PRODUCT_BUNDLE_IDENTIFIER = Spotbird.SpotbirdparkingTests;
				PRODUCT_NAME = "$(TARGET_NAME)";
				SWIFT_VERSION = 4.0;
				TARGETED_DEVICE_FAMILY = "1,2";
				TEST_HOST = "$(BUILT_PRODUCTS_DIR)/Spotbirdparking.app/Spotbirdparking";
			};
			name = Debug;
		};
		B71F2E062086CDAA00F47274 /* Release */ = {
			isa = XCBuildConfiguration;
			baseConfigurationReference = 0E75364D0721806783610271 /* Pods-SpotbirdparkingTests.release.xcconfig */;
			buildSettings = {
				ALWAYS_EMBED_SWIFT_STANDARD_LIBRARIES = YES;
				BUNDLE_LOADER = "$(TEST_HOST)";
				CODE_SIGN_STYLE = Automatic;
				INFOPLIST_FILE = SpotbirdparkingTests/Info.plist;
				LD_RUNPATH_SEARCH_PATHS = (
					"$(inherited)",
					"@executable_path/Frameworks",
					"@loader_path/Frameworks",
				);
				PRODUCT_BUNDLE_IDENTIFIER = Spotbird.SpotbirdparkingTests;
				PRODUCT_NAME = "$(TARGET_NAME)";
				SWIFT_VERSION = 4.0;
				TARGETED_DEVICE_FAMILY = "1,2";
				TEST_HOST = "$(BUILT_PRODUCTS_DIR)/Spotbirdparking.app/Spotbirdparking";
			};
			name = Release;
		};
/* End XCBuildConfiguration section */

/* Begin XCConfigurationList section */
		B71F2DDD2086CDA700F47274 /* Build configuration list for PBXProject "Spotbirdparking" */ = {
			isa = XCConfigurationList;
			buildConfigurations = (
				B71F2DFF2086CDAA00F47274 /* Debug */,
				B71F2E002086CDAA00F47274 /* Release */,
			);
			defaultConfigurationIsVisible = 0;
			defaultConfigurationName = Release;
		};
		B71F2E012086CDAA00F47274 /* Build configuration list for PBXNativeTarget "Spotbirdparking" */ = {
			isa = XCConfigurationList;
			buildConfigurations = (
				B71F2E022086CDAA00F47274 /* Debug */,
				B71F2E032086CDAA00F47274 /* Release */,
			);
			defaultConfigurationIsVisible = 0;
			defaultConfigurationName = Release;
		};
		B71F2E042086CDAA00F47274 /* Build configuration list for PBXNativeTarget "SpotbirdparkingTests" */ = {
			isa = XCConfigurationList;
			buildConfigurations = (
				B71F2E052086CDAA00F47274 /* Debug */,
				B71F2E062086CDAA00F47274 /* Release */,
			);
			defaultConfigurationIsVisible = 0;
			defaultConfigurationName = Release;
		};
/* End XCConfigurationList section */
	};
	rootObject = B71F2DDA2086CDA700F47274 /* Project object */;
}
